{
    "version": 3,
    "terraform_version": "0.11.6",
    "serial": 15,
    "lineage": "6795f248-acf6-1f9b-8e73-3d7fbefbff70",
    "modules": [
        {
            "path": [
                "root"
            ],
            "outputs": {
                "app_hostname": {
                    "sensitive": false,
                    "type": "list",
                    "value": [
                        "IBM-OCP-90daa3a2a4-app-0",
                        "IBM-OCP-90daa3a2a4-app-1",
                        "IBM-OCP-90daa3a2a4-app-2"
                    ]
                },
                "app_private_ip": {
                    "sensitive": false,
                    "type": "list",
                    "value": [
                        "10.72.78.234",
                        "10.72.78.196",
                        "10.72.78.206"
                    ]
                },
                "bastion_hostname": {
                    "sensitive": false,
                    "type": "string",
                    "value": "IBM-OCP-90daa3a2a4-bastion"
                },
                "bastion_private_ip": {
                    "sensitive": false,
                    "type": "string",
                    "value": "10.72.78.214"
                },
                "bastion_public_ip": {
                    "sensitive": false,
                    "type": "string",
                    "value": "158.176.112.203"
                },
                "domain": {
                    "sensitive": false,
                    "type": "string",
                    "value": "IBM-OpenShift.cloud"
                },
                "infra_hostname": {
                    "sensitive": false,
                    "type": "list",
                    "value": [
                        "IBM-OCP-90daa3a2a4-infra-0"
                    ]
                },
                "infra_private_ip": {
                    "sensitive": false,
                    "type": "list",
                    "value": [
                        "10.72.78.226"
                    ]
                },
                "master_hostname": {
                    "sensitive": false,
                    "type": "list",
                    "value": [
                        "IBM-OCP-90daa3a2a4-master-0"
                    ]
                },
                "master_private_ip": {
                    "sensitive": false,
                    "type": "list",
                    "value": [
                        "10.72.78.246"
                    ]
                },
                "master_public_ip": {
                    "sensitive": false,
                    "type": "list",
                    "value": [
                        "158.176.112.206"
                    ]
                },
                "storage_hostname": {
                    "sensitive": false,
                    "type": "list",
                    "value": [
                        "IBM-OCP-90daa3a2a4-storage-0",
                        "IBM-OCP-90daa3a2a4-storage-1",
                        "IBM-OCP-90daa3a2a4-storage-2"
                    ]
                },
                "storage_private_ip": {
                    "sensitive": false,
                    "type": "list",
                    "value": [
                        "10.72.78.197",
                        "10.72.78.207",
                        "10.72.78.217"
                    ]
                }
            },
            "resources": {
                "ibm_compute_ssh_key.ssh_key_ose": {
                    "type": "ibm_compute_ssh_key",
                    "depends_on": [],
                    "primary": {
                        "id": "1602894",
                        "attributes": {
                            "fingerprint": "4f:74:71:ff:e1:d7:48:c2:5a:e6:8c:61:2b:18:fc:25",
                            "id": "1602894",
                            "label": "ssh_key_terraform",
                            "notes": "SSH key for deploying OSE using Terraform",
                            "public_key": "ssh-rsa AAAAB3NzaC1yc2EAAAADAQABAAACAQDcavQCtduZeqSgVN+8sZ2qOflomW8acSCqEodTOt52Xh1oU1+l2ajI2YQlkhRN2/A+Wfy1IymzanZVPThqo3njnuAP7zEpmihbj5fhQ4xzTIGmVhMsMv3UypDsiXWrJnDJLvitDzQQ65uCD0i4NJ+F4azKnbSiE0dhC7k3Faa834m7OB5QiATiyAL94REbWm6twkKnsKO+N63VttYDYWbCPzCVLTqmyoyU47uMBkc5Nly+6Uc5zYynYztpaysZnHX6M9coIgQDRdjtzdTVHpRIVnEx4/BkfK9hqnHAmlPe576EFfKDkXOcLUn2a8GLspcPueVlGPgPZ8bOGPtmn3FUrKQMov9WKXogtoBK6CXHeaCzr6DlbsMIkH1wO5iTSYPD+SRDYxWI3do609XsaAwe/TfjPZaYpG1clVioyvdtP66Gu473B6rmrsSRW3OTs0uH+0WRBf36CTUUcrdN9V5XTzGuSkapJSewWPCqsS76KjvTPBKdaXMscxyQZTPQvj5r2bu2QI8caRCRodDowSkB2smuEEDu6gleQAnsjaaBDJrdLf7zQgsbqDDkgWKuKBISefROcO7+3Xn8K4M5zldQthQukPcUjT/R+LkU7e+oCmog+AO2ZqKHA2NoyqJkLeOr3h4wYlqYHKADOFKQS0yUY+HLu7aUT0e6qTB3iq5ipQ== abalasu1@in.ibm.com"
                        },
                        "meta": {},
                        "tainted": false
                    },
                    "deposed": [],
                    "provider": "provider.ibm"
                },
                "random_id.ose_name": {
                    "type": "random_id",
                    "depends_on": [],
                    "primary": {
                        "id": "kNqjoqQ",
                        "attributes": {
                            "b64": "kNqjoqQ",
                            "b64_std": "kNqjoqQ=",
                            "b64_url": "kNqjoqQ",
                            "byte_length": "5",
                            "dec": "622143447716",
                            "hex": "90daa3a2a4",
                            "id": "kNqjoqQ"
                        },
                        "meta": {},
                        "tainted": false
                    },
                    "deposed": [],
                    "provider": "provider.random"
                }
            },
            "depends_on": []
        },
        {
            "path": [
                "root",
                "appnode"
            ],
            "outputs": {
                "app_host": {
                    "sensitive": false,
                    "type": "list",
                    "value": [
                        "IBM-OCP-90daa3a2a4-app-0",
                        "IBM-OCP-90daa3a2a4-app-1",
                        "IBM-OCP-90daa3a2a4-app-2"
                    ]
                },
                "app_ip_address_id": {
                    "sensitive": false,
                    "type": "list",
                    "value": [
                        "142249028",
                        "142246152",
                        "142246172"
                    ]
                },
                "app_private_ip": {
                    "sensitive": false,
                    "type": "list",
                    "value": [
                        "10.72.78.234",
                        "10.72.78.196",
                        "10.72.78.206"
                    ]
                },
                "app_public_ip": {
                    "sensitive": false,
                    "type": "list",
                    "value": [
                        "158.176.112.201",
                        "158.176.112.196",
                        "158.176.112.197"
                    ]
                }
            },
            "resources": {
                "ibm_compute_vm_instance.appnode.0": {
                    "type": "ibm_compute_vm_instance",
                    "depends_on": [],
                    "primary": {
                        "id": "91755554",
                        "attributes": {
                            "block_storage_ids.#": "1",
                            "block_storage_ids.102402514": "102402514",
                            "cores": "4",
                            "datacenter": "lon06",
                            "dedicated_acct_host_only": "false",
                            "disks.#": "0",
                            "domain": "IBM-OpenShift.cloud",
                            "file_storage_ids.#": "0",
                            "flavor_key_name": "B1_4X16X100",
                            "hostname": "IBM-OCP-90daa3a2a4-app-0",
                            "hourly_billing": "true",
                            "id": "91755554",
                            "ip_address_id": "142246130",
                            "ip_address_id_private": "142249028",
                            "ipv4_address": "158.176.112.201",
                            "ipv4_address_private": "10.72.78.234",
                            "ipv6_enabled": "false",
                            "ipv6_static_enabled": "false",
                            "local_disk": "false",
                            "memory": "16384",
                            "network_speed": "1000",
                            "notes": "",
                            "os_reference_code": "REDHAT_7_64",
                            "private_interface_id": "58986974",
                            "private_network_only": "false",
                            "private_security_group_ids.#": "1",
                            "private_security_group_ids.2105522": "2105522",
                            "private_subnet": "10.72.78.192/26",
                            "private_subnet_id": "1647489",
                            "private_vlan_id": "2734910",
                            "public_bandwidth_unlimited": "false",
                            "public_interface_id": "58986970",
                            "public_security_group_ids.#": "1",
                            "public_security_group_ids.2105604": "2105604",
                            "public_subnet": "158.176.112.192/28",
                            "public_subnet_id": "2029163",
                            "public_vlan_id": "2734912",
                            "secondary_ip_addresses.#": "0",
                            "ssh_key_ids.#": "2",
                            "ssh_key_ids.1602894": "1602894",
                            "ssh_key_ids.1602966": "1602966",
                            "transient": "false",
                            "wait_time_minutes": "90"
                        },
                        "meta": {},
                        "tainted": false
                    },
                    "deposed": [],
                    "provider": "provider.ibm"
                },
                "ibm_compute_vm_instance.appnode.1": {
                    "type": "ibm_compute_vm_instance",
                    "depends_on": [],
                    "primary": {
                        "id": "91755548",
                        "attributes": {
                            "block_storage_ids.#": "1",
                            "block_storage_ids.102401888": "102401888",
                            "cores": "4",
                            "datacenter": "lon06",
                            "dedicated_acct_host_only": "false",
                            "disks.#": "0",
                            "domain": "IBM-OpenShift.cloud",
                            "file_storage_ids.#": "0",
                            "flavor_key_name": "B1_4X16X100",
                            "hostname": "IBM-OCP-90daa3a2a4-app-1",
                            "hourly_billing": "true",
                            "id": "91755548",
                            "ip_address_id": "142246120",
                            "ip_address_id_private": "142246152",
                            "ipv4_address": "158.176.112.196",
                            "ipv4_address_private": "10.72.78.196",
                            "ipv6_enabled": "false",
                            "ipv6_static_enabled": "false",
                            "local_disk": "false",
                            "memory": "16384",
                            "network_speed": "1000",
                            "notes": "",
                            "os_reference_code": "REDHAT_7_64",
                            "private_interface_id": "58986964",
                            "private_network_only": "false",
                            "private_security_group_ids.#": "1",
                            "private_security_group_ids.2105522": "2105522",
                            "private_subnet": "10.72.78.192/26",
                            "private_subnet_id": "1647489",
                            "private_vlan_id": "2734910",
                            "public_bandwidth_unlimited": "false",
                            "public_interface_id": "58986962",
                            "public_security_group_ids.#": "1",
                            "public_security_group_ids.2105604": "2105604",
                            "public_subnet": "158.176.112.192/28",
                            "public_subnet_id": "2029163",
                            "public_vlan_id": "2734912",
                            "secondary_ip_addresses.#": "0",
                            "ssh_key_ids.#": "2",
                            "ssh_key_ids.1602894": "1602894",
                            "ssh_key_ids.1602966": "1602966",
                            "transient": "false",
                            "wait_time_minutes": "90"
                        },
                        "meta": {},
                        "tainted": false
                    },
                    "deposed": [],
                    "provider": "provider.ibm"
                },
                "ibm_compute_vm_instance.appnode.2": {
                    "type": "ibm_compute_vm_instance",
                    "depends_on": [],
                    "primary": {
                        "id": "91755550",
                        "attributes": {
                            "block_storage_ids.#": "1",
                            "block_storage_ids.102402516": "102402516",
                            "cores": "4",
                            "datacenter": "lon06",
                            "dedicated_acct_host_only": "false",
                            "disks.#": "0",
                            "domain": "IBM-OpenShift.cloud",
                            "file_storage_ids.#": "0",
                            "flavor_key_name": "B1_4X16X100",
                            "hostname": "IBM-OCP-90daa3a2a4-app-2",
                            "hourly_billing": "true",
                            "id": "91755550",
                            "ip_address_id": "142246122",
                            "ip_address_id_private": "142246172",
                            "ipv4_address": "158.176.112.197",
                            "ipv4_address_private": "10.72.78.206",
                            "ipv6_enabled": "false",
                            "ipv6_static_enabled": "false",
                            "local_disk": "false",
                            "memory": "16384",
                            "network_speed": "1000",
                            "notes": "",
                            "os_reference_code": "REDHAT_7_64",
                            "private_interface_id": "58986982",
                            "private_network_only": "false",
                            "private_security_group_ids.#": "1",
                            "private_security_group_ids.2105522": "2105522",
                            "private_subnet": "10.72.78.192/26",
                            "private_subnet_id": "1647489",
                            "private_vlan_id": "2734910",
                            "public_bandwidth_unlimited": "false",
                            "public_interface_id": "58986976",
                            "public_security_group_ids.#": "1",
                            "public_security_group_ids.2105604": "2105604",
                            "public_subnet": "158.176.112.192/28",
                            "public_subnet_id": "2029163",
                            "public_vlan_id": "2734912",
                            "secondary_ip_addresses.#": "0",
                            "ssh_key_ids.#": "2",
                            "ssh_key_ids.1602894": "1602894",
                            "ssh_key_ids.1602966": "1602966",
                            "transient": "false",
                            "wait_time_minutes": "90"
                        },
                        "meta": {},
                        "tainted": false
                    },
                    "deposed": [],
                    "provider": "provider.ibm"
                },
                "ibm_storage_block.appnode_block.0": {
                    "type": "ibm_storage_block",
                    "depends_on": [
                        "ibm_compute_vm_instance.appnode.*"
                    ],
                    "primary": {
                        "id": "102402514",
                        "attributes": {
                            "allowed_hardware_ids.#": "0",
                            "allowed_hardware_info.#": "0",
                            "allowed_host_info.#": "1",
                            "allowed_host_info.0.host_iqn": "iqn.2019-10.com.ibm:ibm02su1924691-v91755554",
                            "allowed_host_info.0.id": "91755554",
                            "allowed_host_info.0.password": "FqF9PeSd8bptDMWK",
                            "allowed_host_info.0.username": "IBM02SU1924691-V91755554",
                            "allowed_ip_addresses.#": "0",
                            "allowed_virtual_guest_ids.#": "1",
                            "allowed_virtual_guest_ids.91755554": "91755554",
                            "allowed_virtual_guest_info.#": "1",
                            "allowed_virtual_guest_info.91755554.host_iqn": "iqn.2019-10.com.ibm:ibm02su1924691-v91755554",
                            "allowed_virtual_guest_info.91755554.id": "91755554",
                            "allowed_virtual_guest_info.91755554.password": "FqF9PeSd8bptDMWK",
                            "allowed_virtual_guest_info.91755554.username": "IBM02SU1924691-V91755554",
                            "capacity": "500",
                            "datacenter": "lon06",
                            "hostname": "161.26.142.74",
                            "hourly_billing": "true",
                            "id": "102402514",
                            "iops": "1000",
                            "os_format_type": "Linux",
                            "target_address.#": "2",
                            "target_address.0": "161.26.142.74",
                            "target_address.1": "161.26.142.78",
                            "type": "Performance",
                            "volumename": "IBM02SL1924691-17"
                        },
                        "meta": {},
                        "tainted": false
                    },
                    "deposed": [],
                    "provider": "provider.ibm"
                },
                "ibm_storage_block.appnode_block.1": {
                    "type": "ibm_storage_block",
                    "depends_on": [
                        "ibm_compute_vm_instance.appnode.*"
                    ],
                    "primary": {
                        "id": "102401888",
                        "attributes": {
                            "allowed_hardware_ids.#": "0",
                            "allowed_hardware_info.#": "0",
                            "allowed_host_info.#": "1",
                            "allowed_host_info.0.host_iqn": "iqn.2019-10.com.ibm:ibm02su1924691-v91755548",
                            "allowed_host_info.0.id": "91755548",
                            "allowed_host_info.0.password": "CUmFU2xTMwfSBxLy",
                            "allowed_host_info.0.username": "IBM02SU1924691-V91755548",
                            "allowed_ip_addresses.#": "0",
                            "allowed_virtual_guest_ids.#": "1",
                            "allowed_virtual_guest_ids.91755548": "91755548",
                            "allowed_virtual_guest_info.#": "1",
                            "allowed_virtual_guest_info.91755548.host_iqn": "iqn.2019-10.com.ibm:ibm02su1924691-v91755548",
                            "allowed_virtual_guest_info.91755548.id": "91755548",
                            "allowed_virtual_guest_info.91755548.password": "CUmFU2xTMwfSBxLy",
                            "allowed_virtual_guest_info.91755548.username": "IBM02SU1924691-V91755548",
                            "capacity": "500",
                            "datacenter": "lon06",
                            "hostname": "161.26.142.70",
                            "hourly_billing": "true",
                            "id": "102401888",
                            "iops": "1000",
                            "os_format_type": "Linux",
                            "target_address.#": "2",
                            "target_address.0": "161.26.142.70",
                            "target_address.1": "161.26.142.73",
                            "type": "Performance",
                            "volumename": "IBM02SL1924691-15"
                        },
                        "meta": {},
                        "tainted": false
                    },
                    "deposed": [],
                    "provider": "provider.ibm"
                },
                "ibm_storage_block.appnode_block.2": {
                    "type": "ibm_storage_block",
                    "depends_on": [
                        "ibm_compute_vm_instance.appnode.*"
                    ],
                    "primary": {
                        "id": "102402516",
                        "attributes": {
                            "allowed_hardware_ids.#": "0",
                            "allowed_hardware_info.#": "0",
                            "allowed_host_info.#": "1",
                            "allowed_host_info.0.host_iqn": "iqn.2019-10.com.ibm:ibm02su1924691-v91755550",
                            "allowed_host_info.0.id": "91755550",
                            "allowed_host_info.0.password": "H6S2yHey7vML5j5H",
                            "allowed_host_info.0.username": "IBM02SU1924691-V91755550",
                            "allowed_ip_addresses.#": "0",
                            "allowed_virtual_guest_ids.#": "1",
                            "allowed_virtual_guest_ids.91755550": "91755550",
                            "allowed_virtual_guest_info.#": "1",
                            "allowed_virtual_guest_info.91755550.host_iqn": "iqn.2019-10.com.ibm:ibm02su1924691-v91755550",
                            "allowed_virtual_guest_info.91755550.id": "91755550",
                            "allowed_virtual_guest_info.91755550.password": "H6S2yHey7vML5j5H",
                            "allowed_virtual_guest_info.91755550.username": "IBM02SU1924691-V91755550",
                            "capacity": "500",
                            "datacenter": "lon06",
                            "hostname": "161.26.142.75",
                            "hourly_billing": "true",
                            "id": "102402516",
                            "iops": "1000",
                            "os_format_type": "Linux",
                            "target_address.#": "2",
                            "target_address.0": "161.26.142.75",
                            "target_address.1": "161.26.142.77",
                            "type": "Performance",
                            "volumename": "IBM02SL1924691-18"
                        },
                        "meta": {},
                        "tainted": false
                    },
                    "deposed": [],
                    "provider": "provider.ibm"
                },
                "null_resource.iscsi_app.0": {
                    "type": "null_resource",
                    "depends_on": [
                        "ibm_compute_vm_instance.appnode.*",
                        "ibm_storage_block.appnode_block.*",
                        "local.block_allowed_hosts"
                    ],
                    "primary": {
                        "id": "9115279854378747549",
                        "attributes": {
                            "id": "9115279854378747549"
                        },
                        "meta": {},
                        "tainted": false
                    },
                    "deposed": [],
                    "provider": "provider.null"
                },
                "null_resource.iscsi_app.1": {
                    "type": "null_resource",
                    "depends_on": [
                        "ibm_compute_vm_instance.appnode.*",
                        "ibm_storage_block.appnode_block.*",
                        "local.block_allowed_hosts"
                    ],
                    "primary": {
                        "id": "2442847448277785307",
                        "attributes": {
                            "id": "2442847448277785307"
                        },
                        "meta": {},
                        "tainted": false
                    },
                    "deposed": [],
                    "provider": "provider.null"
                },
                "null_resource.iscsi_app.2": {
                    "type": "null_resource",
                    "depends_on": [
                        "ibm_compute_vm_instance.appnode.*",
                        "ibm_storage_block.appnode_block.*",
                        "local.block_allowed_hosts"
                    ],
                    "primary": {
                        "id": "4319738130424931381",
                        "attributes": {
                            "id": "4319738130424931381"
                        },
                        "meta": {},
                        "tainted": false
                    },
                    "deposed": [],
                    "provider": "provider.null"
                }
            },
            "depends_on": []
        },
        {
            "path": [
                "root",
                "bastion"
            ],
            "outputs": {
                "bastion_domain": {
                    "sensitive": false,
                    "type": "string",
                    "value": "IBM-OpenShift.cloud"
                },
                "bastion_hostname": {
                    "sensitive": false,
                    "type": "string",
                    "value": "IBM-OCP-90daa3a2a4-bastion"
                },
                "bastion_ip_address": {
                    "sensitive": false,
                    "type": "string",
                    "value": "158.176.112.203"
                },
                "bastion_private_ip": {
                    "sensitive": false,
                    "type": "string",
                    "value": "10.72.78.214"
                },
                "bastion_public_ssh_key": {
                    "sensitive": false,
                    "type": "string",
                    "value": "1602966"
                },
                "openshift_bastion_id": {
                    "sensitive": false,
                    "type": "string",
                    "value": "2105868"
                }
            },
            "resources": {
                "ibm_compute_ssh_key.bastion_public_ssh_key": {
                    "type": "ibm_compute_ssh_key",
                    "depends_on": [
                        "local.bastion_ssh_publickey_file",
                        "null_resource.create_bastion_private_key"
                    ],
                    "primary": {
                        "id": "1602966",
                        "attributes": {
                            "fingerprint": "65:bf:2d:a0:14:34:7c:72:66:b6:69:d7:b2:f5:c3:d7",
                            "id": "1602966",
                            "label": "ssh_key_rhopenshift",
                            "notes": "SSH key for Bastion node",
                            "public_key": "ssh-rsa AAAAB3NzaC1yc2EAAAADAQABAAABAQC2QnphHs+fb1NB9dDLDgSCOnTiORJFkjFPs7rNc/NuJ2PmbyDBLox9CyqPxhO2ackOhzmbwgoADdPEq0u7mAdXkKXdGWfaCfmJtMlKTOh5g1X/dntPn0mkCzAo7H0X1+1CHc2HiLvyXzzdPaX7k9k/v4N9l84G82z/Iz5RQ44l6DOPaqIIhxqcixT16PI5s/iS/UAxxX94lGx+IUfsoKzebTTDpHzfSIwsN5hTNWLHwt8sOj8vvKZq4T8YF45kaZMuTC6InxHhoHBvpFXLTeLv8FnpK7DdTtHg9OBaw1QSumfWVVhTjYPcKz54Y+2aQbuT57N7nWrqERD/i4P7nQRn admin@Arunsmac.local"
                        },
                        "meta": {},
                        "tainted": false
                    },
                    "deposed": [],
                    "provider": "provider.ibm"
                },
                "ibm_compute_vm_instance.bastion": {
                    "type": "ibm_compute_vm_instance",
                    "depends_on": [
                        "ibm_security_group.openshift-bastion"
                    ],
                    "primary": {
                        "id": "91755558",
                        "attributes": {
                            "block_storage_ids.#": "1",
                            "block_storage_ids.102401818": "102401818",
                            "cores": "4",
                            "datacenter": "lon06",
                            "dedicated_acct_host_only": "false",
                            "disks.#": "0",
                            "domain": "IBM-OpenShift.cloud",
                            "file_storage_ids.#": "0",
                            "flavor_key_name": "B1_4X16X100",
                            "hostname": "IBM-OCP-90daa3a2a4-bastion",
                            "hourly_billing": "true",
                            "id": "91755558",
                            "ip_address_id": "142246134",
                            "ip_address_id_private": "142246188",
                            "ipv4_address": "158.176.112.203",
                            "ipv4_address_private": "10.72.78.214",
                            "ipv6_enabled": "false",
                            "ipv6_static_enabled": "false",
                            "local_disk": "false",
                            "memory": "16384",
                            "network_speed": "1000",
                            "notes": "",
                            "os_reference_code": "REDHAT_7_64",
                            "private_interface_id": "58986980",
                            "private_network_only": "false",
                            "private_security_group_ids.#": "1",
                            "private_security_group_ids.2105868": "2105868",
                            "private_subnet": "10.72.78.192/26",
                            "private_subnet_id": "1647489",
                            "private_vlan_id": "2734910",
                            "public_bandwidth_unlimited": "false",
                            "public_interface_id": "58986972",
                            "public_security_group_ids.#": "1",
                            "public_security_group_ids.2105868": "2105868",
                            "public_subnet": "158.176.112.192/28",
                            "public_subnet_id": "2029163",
                            "public_vlan_id": "2734912",
                            "secondary_ip_addresses.#": "0",
                            "ssh_key_ids.#": "1",
                            "ssh_key_ids.1602894": "1602894",
                            "transient": "false",
                            "wait_time_minutes": "90"
                        },
                        "meta": {},
                        "tainted": false
                    },
                    "deposed": [],
                    "provider": "provider.ibm"
                },
                "ibm_security_group.openshift-bastion": {
                    "type": "ibm_security_group",
                    "depends_on": [],
                    "primary": {
                        "id": "2105868",
                        "attributes": {
                            "description": "bastion security grp for vms",
                            "id": "2105868",
                            "name": "ose_bastion_sg-90daa3a2a4"
                        },
                        "meta": {},
                        "tainted": false
                    },
                    "deposed": [],
                    "provider": "provider.ibm"
                },
                "ibm_security_group_rule.openshift-bastion-egress_rule1": {
                    "type": "ibm_security_group_rule",
                    "depends_on": [
                        "ibm_security_group.openshift-bastion"
                    ],
                    "primary": {
                        "id": "6473912",
                        "attributes": {
                            "direction": "egress",
                            "ether_type": "IPv4",
                            "id": "6473912",
                            "security_group_id": "2105868"
                        },
                        "meta": {},
                        "tainted": false
                    },
                    "deposed": [],
                    "provider": "provider.ibm"
                },
                "ibm_security_group_rule.openshift-bastion-ingress_rule1": {
                    "type": "ibm_security_group_rule",
                    "depends_on": [
                        "ibm_security_group.openshift-bastion"
                    ],
                    "primary": {
                        "id": "6474330",
                        "attributes": {
                            "direction": "ingress",
                            "ether_type": "IPv4",
                            "id": "6474330",
                            "port_range_max": "22",
                            "port_range_min": "22",
                            "protocol": "tcp",
                            "security_group_id": "2105868"
                        },
                        "meta": {},
                        "tainted": false
                    },
                    "deposed": [],
                    "provider": "provider.ibm"
                },
                "ibm_security_group_rule.openshift-bastion-ingress_rule2": {
                    "type": "ibm_security_group_rule",
                    "depends_on": [
                        "ibm_security_group.openshift-bastion"
                    ],
                    "primary": {
                        "id": "6474250",
                        "attributes": {
                            "direction": "ingress",
                            "ether_type": "IPv4",
                            "id": "6474250",
                            "port_range_max": "80",
                            "port_range_min": "80",
                            "protocol": "tcp",
                            "security_group_id": "2105868"
                        },
                        "meta": {},
                        "tainted": false
                    },
                    "deposed": [],
                    "provider": "provider.ibm"
                },
                "ibm_security_group_rule.openshift-bastion-ingress_rule3": {
                    "type": "ibm_security_group_rule",
                    "depends_on": [
                        "ibm_security_group.openshift-bastion"
                    ],
                    "primary": {
                        "id": "6473914",
                        "attributes": {
                            "direction": "ingress",
                            "ether_type": "IPv4",
                            "id": "6473914",
                            "port_range_max": "443",
                            "port_range_min": "443",
                            "protocol": "tcp",
                            "security_group_id": "2105868"
                        },
                        "meta": {},
                        "tainted": false
                    },
                    "deposed": [],
                    "provider": "provider.ibm"
                },
                "ibm_storage_block.bastionnode_block": {
                    "type": "ibm_storage_block",
                    "depends_on": [
                        "ibm_compute_vm_instance.bastion"
                    ],
                    "primary": {
                        "id": "102401818",
                        "attributes": {
                            "allowed_hardware_ids.#": "0",
                            "allowed_hardware_info.#": "0",
                            "allowed_host_info.#": "1",
                            "allowed_host_info.0.host_iqn": "iqn.2019-10.com.ibm:ibm02su1924691-v91755558",
                            "allowed_host_info.0.id": "91755558",
                            "allowed_host_info.0.password": "GJ36U5LgvQ7WAkew",
                            "allowed_host_info.0.username": "IBM02SU1924691-V91755558",
                            "allowed_ip_addresses.#": "0",
                            "allowed_virtual_guest_ids.#": "1",
                            "allowed_virtual_guest_ids.91755558": "91755558",
                            "allowed_virtual_guest_info.#": "1",
                            "allowed_virtual_guest_info.91755558.host_iqn": "iqn.2019-10.com.ibm:ibm02su1924691-v91755558",
                            "allowed_virtual_guest_info.91755558.id": "91755558",
                            "allowed_virtual_guest_info.91755558.password": "GJ36U5LgvQ7WAkew",
                            "allowed_virtual_guest_info.91755558.username": "IBM02SU1924691-V91755558",
                            "capacity": "2000",
                            "datacenter": "lon06",
                            "hostname": "161.26.142.68",
                            "hourly_billing": "true",
                            "id": "102401818",
                            "iops": "4000",
                            "os_format_type": "Linux",
                            "target_address.#": "2",
                            "target_address.0": "161.26.142.68",
                            "target_address.1": "161.26.142.72",
                            "type": "Performance",
                            "volumename": "IBM02SL1924691-13"
                        },
                        "meta": {},
                        "tainted": false
                    },
                    "deposed": [],
                    "provider": "provider.ibm"
                },
                "null_resource.copy_bastion_private_key": {
                    "type": "null_resource",
                    "depends_on": [
                        "ibm_compute_vm_instance.bastion",
                        "null_resource.create_bastion_private_key"
                    ],
                    "primary": {
                        "id": "2737243610327017282",
                        "attributes": {
                            "id": "2737243610327017282"
                        },
                        "meta": {},
                        "tainted": false
                    },
                    "deposed": [],
                    "provider": "provider.null"
                },
                "null_resource.create_bastion_private_key": {
                    "type": "null_resource",
                    "depends_on": [],
                    "primary": {
                        "id": "6418246490097071237",
                        "attributes": {
                            "id": "6418246490097071237"
                        },
                        "meta": {},
                        "tainted": false
                    },
                    "deposed": [],
                    "provider": "provider.null"
                },
                "null_resource.iscsi_bastion": {
                    "type": "null_resource",
                    "depends_on": [
                        "ibm_compute_vm_instance.bastion",
                        "ibm_storage_block.bastionnode_block",
                        "local.block_allowed_hosts"
                    ],
                    "primary": {
                        "id": "5361572036863339917",
                        "attributes": {
                            "id": "5361572036863339917"
                        },
                        "meta": {},
                        "tainted": false
                    },
                    "deposed": [],
                    "provider": "provider.null"
                }
            },
            "depends_on": []
        },
        {
            "path": [
                "root",
                "infranode"
            ],
            "outputs": {
                "infra_host": {
                    "sensitive": false,
                    "type": "list",
                    "value": [
                        "IBM-OCP-90daa3a2a4-infra-0"
                    ]
                },
                "infra_ip_address_id": {
                    "sensitive": false,
                    "type": "list",
                    "value": [
                        "142249012"
                    ]
                },
                "infra_private_ip": {
                    "sensitive": false,
                    "type": "list",
                    "value": [
                        "10.72.78.226"
                    ]
                },
                "infra_public_ip": {
                    "sensitive": false,
                    "type": "list",
                    "value": [
                        "158.176.112.199"
                    ]
                }
            },
            "resources": {
                "ibm_compute_vm_instance.infranode": {
                    "type": "ibm_compute_vm_instance",
                    "depends_on": [],
                    "primary": {
                        "id": "91755556",
                        "attributes": {
                            "block_storage_ids.#": "1",
                            "block_storage_ids.102401882": "102401882",
                            "cores": "4",
                            "datacenter": "lon06",
                            "dedicated_acct_host_only": "false",
                            "disks.#": "0",
                            "domain": "IBM-OpenShift.cloud",
                            "file_storage_ids.#": "0",
                            "flavor_key_name": "B1_4X16X100",
                            "hostname": "IBM-OCP-90daa3a2a4-infra-0",
                            "hourly_billing": "true",
                            "id": "91755556",
                            "ip_address_id": "142246126",
                            "ip_address_id_private": "142249012",
                            "ipv4_address": "158.176.112.199",
                            "ipv4_address_private": "10.72.78.226",
                            "ipv6_enabled": "false",
                            "ipv6_static_enabled": "false",
                            "local_disk": "false",
                            "memory": "16384",
                            "network_speed": "1000",
                            "notes": "",
                            "os_reference_code": "REDHAT_7_64",
                            "private_interface_id": "58986968",
                            "private_network_only": "false",
                            "private_security_group_ids.#": "1",
                            "private_security_group_ids.2105522": "2105522",
                            "private_subnet": "10.72.78.192/26",
                            "private_subnet_id": "1647489",
                            "private_vlan_id": "2734910",
                            "public_bandwidth_unlimited": "false",
                            "public_interface_id": "58986966",
                            "public_security_group_ids.#": "1",
                            "public_security_group_ids.2105604": "2105604",
                            "public_subnet": "158.176.112.192/28",
                            "public_subnet_id": "2029163",
                            "public_vlan_id": "2734912",
                            "secondary_ip_addresses.#": "0",
                            "ssh_key_ids.#": "2",
                            "ssh_key_ids.1602894": "1602894",
                            "ssh_key_ids.1602966": "1602966",
                            "transient": "false",
                            "wait_time_minutes": "90"
                        },
                        "meta": {},
                        "tainted": false
                    },
                    "deposed": [],
                    "provider": "provider.ibm"
                },
                "ibm_storage_block.infranode_block": {
                    "type": "ibm_storage_block",
                    "depends_on": [
                        "ibm_compute_vm_instance.infranode.*"
                    ],
                    "primary": {
                        "id": "102401882",
                        "attributes": {
                            "allowed_hardware_ids.#": "0",
                            "allowed_hardware_info.#": "0",
                            "allowed_host_info.#": "1",
                            "allowed_host_info.0.host_iqn": "iqn.2019-10.com.ibm:ibm02su1924691-v91755556",
                            "allowed_host_info.0.id": "91755556",
                            "allowed_host_info.0.password": "C8s59CXNsFDsFrYe",
                            "allowed_host_info.0.username": "IBM02SU1924691-V91755556",
                            "allowed_ip_addresses.#": "0",
                            "allowed_virtual_guest_ids.#": "1",
                            "allowed_virtual_guest_ids.91755556": "91755556",
                            "allowed_virtual_guest_info.#": "1",
                            "allowed_virtual_guest_info.91755556.host_iqn": "iqn.2019-10.com.ibm:ibm02su1924691-v91755556",
                            "allowed_virtual_guest_info.91755556.id": "91755556",
                            "allowed_virtual_guest_info.91755556.password": "C8s59CXNsFDsFrYe",
                            "allowed_virtual_guest_info.91755556.username": "IBM02SU1924691-V91755556",
                            "capacity": "500",
                            "datacenter": "lon06",
                            "hostname": "161.26.142.70",
                            "hourly_billing": "true",
                            "id": "102401882",
                            "iops": "1000",
                            "os_format_type": "Linux",
                            "target_address.#": "2",
                            "target_address.0": "161.26.142.70",
                            "target_address.1": "161.26.142.73",
                            "type": "Performance",
                            "volumename": "IBM02SL1924691-14"
                        },
                        "meta": {},
                        "tainted": false
                    },
                    "deposed": [],
                    "provider": "provider.ibm"
                },
                "null_resource.iscsi_infra": {
                    "type": "null_resource",
                    "depends_on": [
                        "ibm_compute_vm_instance.infranode.*",
                        "ibm_storage_block.infranode_block.*",
                        "local.block_allowed_hosts"
                    ],
                    "primary": {
                        "id": "842044639360673972",
                        "attributes": {
                            "id": "842044639360673972"
                        },
                        "meta": {},
                        "tainted": false
                    },
                    "deposed": [],
                    "provider": "provider.null"
                }
            },
            "depends_on": []
        },
        {
            "path": [
                "root",
                "inventory"
            ],
            "outputs": {},
            "resources": {
                "data.template_file.app_host_file_template.0": {
                    "type": "template_file",
                    "depends_on": [],
                    "primary": {
                        "id": "bf03a79ab50b68326e51afce853c3f58e00b798eca03f73f73d4b30be34988ea",
                        "attributes": {
                            "id": "bf03a79ab50b68326e51afce853c3f58e00b798eca03f73f73d4b30be34988ea",
                            "rendered": "10.72.78.234 IBM-OCP-90daa3a2a4-app-0 IBM-OCP-90daa3a2a4-app-0.IBM-OpenShift.cloud ",
                            "template": "${app_ip} ${app_hostname} ${app_hostname_domain} ",
                            "vars.%": "3",
                            "vars.app_hostname": "IBM-OCP-90daa3a2a4-app-0",
                            "vars.app_hostname_domain": "IBM-OCP-90daa3a2a4-app-0.IBM-OpenShift.cloud",
                            "vars.app_ip": "10.72.78.234"
                        },
                        "meta": {},
                        "tainted": false
                    },
                    "deposed": [],
                    "provider": "provider.template"
                },
                "data.template_file.app_host_file_template.1": {
                    "type": "template_file",
                    "depends_on": [],
                    "primary": {
                        "id": "0cfb01c5d62f323376154cc3d42ee5ff3bdbbf372bae2cfd8c7f94add0e90b43",
                        "attributes": {
                            "id": "0cfb01c5d62f323376154cc3d42ee5ff3bdbbf372bae2cfd8c7f94add0e90b43",
                            "rendered": "10.72.78.196 IBM-OCP-90daa3a2a4-app-1 IBM-OCP-90daa3a2a4-app-1.IBM-OpenShift.cloud ",
                            "template": "${app_ip} ${app_hostname} ${app_hostname_domain} ",
                            "vars.%": "3",
                            "vars.app_hostname": "IBM-OCP-90daa3a2a4-app-1",
                            "vars.app_hostname_domain": "IBM-OCP-90daa3a2a4-app-1.IBM-OpenShift.cloud",
                            "vars.app_ip": "10.72.78.196"
                        },
                        "meta": {},
                        "tainted": false
                    },
                    "deposed": [],
                    "provider": "provider.template"
                },
                "data.template_file.app_host_file_template.2": {
                    "type": "template_file",
                    "depends_on": [],
                    "primary": {
                        "id": "1282f2c0c2135f4f5f95346f6437478ffad192fcf441ca17433dc58d149ec8df",
                        "attributes": {
                            "id": "1282f2c0c2135f4f5f95346f6437478ffad192fcf441ca17433dc58d149ec8df",
                            "rendered": "10.72.78.206 IBM-OCP-90daa3a2a4-app-2 IBM-OCP-90daa3a2a4-app-2.IBM-OpenShift.cloud ",
                            "template": "${app_ip} ${app_hostname} ${app_hostname_domain} ",
                            "vars.%": "3",
                            "vars.app_hostname": "IBM-OCP-90daa3a2a4-app-2",
                            "vars.app_hostname_domain": "IBM-OCP-90daa3a2a4-app-2.IBM-OpenShift.cloud",
                            "vars.app_ip": "10.72.78.206"
                        },
                        "meta": {},
                        "tainted": false
                    },
                    "deposed": [],
                    "provider": "provider.template"
                },
                "data.template_file.compute_block.0": {
                    "type": "template_file",
                    "depends_on": [],
                    "primary": {
                        "id": "caa37cd7c11b5734a17ce7b648a7b5c0811f9ba21d176764d70e10546088e604",
                        "attributes": {
                            "id": "caa37cd7c11b5734a17ce7b648a7b5c0811f9ba21d176764d70e10546088e604",
                            "rendered": "IBM-OCP-90daa3a2a4-app-0.IBM-OpenShift.cloud openshift_ip=10.72.78.234 openshift_node_group_name='node-config-compute'",
                            "template": "${hostname} openshift_ip=${ip} openshift_node_group_name='node-config-compute'",
                            "vars.%": "2",
                            "vars.hostname": "IBM-OCP-90daa3a2a4-app-0.IBM-OpenShift.cloud",
                            "vars.ip": "10.72.78.234"
                        },
                        "meta": {},
                        "tainted": false
                    },
                    "deposed": [],
                    "provider": "provider.template"
                },
                "data.template_file.compute_block.1": {
                    "type": "template_file",
                    "depends_on": [],
                    "primary": {
                        "id": "1089af17d9c8cda4c737483103dad50d4d1c4ee39373de56494749077179f7bf",
                        "attributes": {
                            "id": "1089af17d9c8cda4c737483103dad50d4d1c4ee39373de56494749077179f7bf",
                            "rendered": "IBM-OCP-90daa3a2a4-app-1.IBM-OpenShift.cloud openshift_ip=10.72.78.196 openshift_node_group_name='node-config-compute'",
                            "template": "${hostname} openshift_ip=${ip} openshift_node_group_name='node-config-compute'",
                            "vars.%": "2",
                            "vars.hostname": "IBM-OCP-90daa3a2a4-app-1.IBM-OpenShift.cloud",
                            "vars.ip": "10.72.78.196"
                        },
                        "meta": {},
                        "tainted": false
                    },
                    "deposed": [],
                    "provider": "provider.template"
                },
                "data.template_file.compute_block.2": {
                    "type": "template_file",
                    "depends_on": [],
                    "primary": {
                        "id": "60cd07addbff4ccdce17c1c8bd0dbe43a390db4a6744e987bed4a931f0388be4",
                        "attributes": {
                            "id": "60cd07addbff4ccdce17c1c8bd0dbe43a390db4a6744e987bed4a931f0388be4",
                            "rendered": "IBM-OCP-90daa3a2a4-app-2.IBM-OpenShift.cloud openshift_ip=10.72.78.206 openshift_node_group_name='node-config-compute'",
                            "template": "${hostname} openshift_ip=${ip} openshift_node_group_name='node-config-compute'",
                            "vars.%": "2",
                            "vars.hostname": "IBM-OCP-90daa3a2a4-app-2.IBM-OpenShift.cloud",
                            "vars.ip": "10.72.78.206"
                        },
                        "meta": {},
                        "tainted": false
                    },
                    "deposed": [],
                    "provider": "provider.template"
                },
                "data.template_file.gluster_block.0": {
                    "type": "template_file",
                    "depends_on": [],
                    "primary": {
                        "id": "f3b13324c6cd9a73a30e721a1a89de6cfb83c700f6a7c6a3117012a29fce4290",
                        "attributes": {
                            "id": "f3b13324c6cd9a73a30e721a1a89de6cfb83c700f6a7c6a3117012a29fce4290",
                            "rendered": "IBM-OCP-90daa3a2a4-storage-0.IBM-OpenShift.cloud glusterfs_ip=10.72.78.197 glusterfs_devices='[ \"/dev/dm-0\", \"/dev/dm-1\", \"/dev/dm-2\"]' openshift_node_group_name='node-config-compute'",
                            "template": "${hostname} glusterfs_ip=${hostip} glusterfs_devices='[ \"/dev/dm-0\", \"/dev/dm-1\", \"/dev/dm-2\"]' openshift_node_group_name='node-config-compute'",
                            "vars.%": "2",
                            "vars.hostip": "10.72.78.197",
                            "vars.hostname": "IBM-OCP-90daa3a2a4-storage-0.IBM-OpenShift.cloud"
                        },
                        "meta": {},
                        "tainted": false
                    },
                    "deposed": [],
                    "provider": "provider.template"
                },
                "data.template_file.gluster_block.1": {
                    "type": "template_file",
                    "depends_on": [],
                    "primary": {
                        "id": "744489d1772165cfe20f58d7f156d3d1d1c0fe586b53f21e85c8e17ab3530ffa",
                        "attributes": {
                            "id": "744489d1772165cfe20f58d7f156d3d1d1c0fe586b53f21e85c8e17ab3530ffa",
                            "rendered": "IBM-OCP-90daa3a2a4-storage-1.IBM-OpenShift.cloud glusterfs_ip=10.72.78.207 glusterfs_devices='[ \"/dev/dm-0\", \"/dev/dm-1\", \"/dev/dm-2\"]' openshift_node_group_name='node-config-compute'",
                            "template": "${hostname} glusterfs_ip=${hostip} glusterfs_devices='[ \"/dev/dm-0\", \"/dev/dm-1\", \"/dev/dm-2\"]' openshift_node_group_name='node-config-compute'",
                            "vars.%": "2",
                            "vars.hostip": "10.72.78.207",
                            "vars.hostname": "IBM-OCP-90daa3a2a4-storage-1.IBM-OpenShift.cloud"
                        },
                        "meta": {},
                        "tainted": false
                    },
                    "deposed": [],
                    "provider": "provider.template"
                },
                "data.template_file.gluster_block.2": {
                    "type": "template_file",
                    "depends_on": [],
                    "primary": {
                        "id": "05c813b3ac350669db98ccbbdddca2de9aafb4358266eb218436c15ca1ab7e7b",
                        "attributes": {
                            "id": "05c813b3ac350669db98ccbbdddca2de9aafb4358266eb218436c15ca1ab7e7b",
                            "rendered": "IBM-OCP-90daa3a2a4-storage-2.IBM-OpenShift.cloud glusterfs_ip=10.72.78.217 glusterfs_devices='[ \"/dev/dm-0\", \"/dev/dm-1\", \"/dev/dm-2\"]' openshift_node_group_name='node-config-compute'",
                            "template": "${hostname} glusterfs_ip=${hostip} glusterfs_devices='[ \"/dev/dm-0\", \"/dev/dm-1\", \"/dev/dm-2\"]' openshift_node_group_name='node-config-compute'",
                            "vars.%": "2",
                            "vars.hostip": "10.72.78.217",
                            "vars.hostname": "IBM-OCP-90daa3a2a4-storage-2.IBM-OpenShift.cloud"
                        },
                        "meta": {},
                        "tainted": false
                    },
                    "deposed": [],
                    "provider": "provider.template"
                },
                "data.template_file.infra_block": {
                    "type": "template_file",
                    "depends_on": [],
                    "primary": {
                        "id": "d03b4eb24785c93a33642c88969b6285a92de5db9ff087ee2533fed5d0ba243e",
                        "attributes": {
                            "id": "d03b4eb24785c93a33642c88969b6285a92de5db9ff087ee2533fed5d0ba243e",
                            "rendered": "IBM-OCP-90daa3a2a4-infra-0.IBM-OpenShift.cloud openshift_ip=10.72.78.226 openshift_node_group_name='node-config-infra'",
                            "template": "${hostname} openshift_ip=${ip} openshift_node_group_name='node-config-infra'",
                            "vars.%": "2",
                            "vars.hostname": "IBM-OCP-90daa3a2a4-infra-0.IBM-OpenShift.cloud",
                            "vars.ip": "10.72.78.226"
                        },
                        "meta": {},
                        "tainted": false
                    },
                    "deposed": [],
                    "provider": "provider.template"
                },
                "data.template_file.infra_host_file_template": {
                    "type": "template_file",
                    "depends_on": [],
                    "primary": {
                        "id": "c72c2f74f70cc3901c4656527bc035489e2c59f60a11235b631997b432832421",
                        "attributes": {
                            "id": "c72c2f74f70cc3901c4656527bc035489e2c59f60a11235b631997b432832421",
                            "rendered": "10.72.78.226 IBM-OCP-90daa3a2a4-infra-0 IBM-OCP-90daa3a2a4-infra-0.IBM-OpenShift.cloud ",
                            "template": "${infra_ip} ${infra_hostname} ${infra_hostname_domain} ",
                            "vars.%": "3",
                            "vars.infra_hostname": "IBM-OCP-90daa3a2a4-infra-0",
                            "vars.infra_hostname_domain": "IBM-OCP-90daa3a2a4-infra-0.IBM-OpenShift.cloud",
                            "vars.infra_ip": "10.72.78.226"
                        },
                        "meta": {},
                        "tainted": false
                    },
                    "deposed": [],
                    "provider": "provider.template"
                },
                "data.template_file.master_block": {
                    "type": "template_file",
                    "depends_on": [],
                    "primary": {
                        "id": "0c0c4b40d78ff39b240c56fd8c5cd0b43e0f7f056b635b3fc05767e48a876918",
                        "attributes": {
                            "id": "0c0c4b40d78ff39b240c56fd8c5cd0b43e0f7f056b635b3fc05767e48a876918",
                            "rendered": "IBM-OCP-90daa3a2a4-master-0.IBM-OpenShift.cloud openshift_ip=10.72.78.246 openshift_node_group_name='node-config-master'",
                            "template": "${hostname} openshift_ip=${ip} openshift_node_group_name='node-config-master'",
                            "vars.%": "2",
                            "vars.hostname": "IBM-OCP-90daa3a2a4-master-0.IBM-OpenShift.cloud",
                            "vars.ip": "10.72.78.246"
                        },
                        "meta": {},
                        "tainted": false
                    },
                    "deposed": [],
                    "provider": "provider.template"
                },
                "data.template_file.master_host_file_template": {
                    "type": "template_file",
                    "depends_on": [],
                    "primary": {
                        "id": "0687c04d3d7dbeaeb16468ff8a796a24003831a6ae5ba1f730392b6be62d50cd",
                        "attributes": {
                            "id": "0687c04d3d7dbeaeb16468ff8a796a24003831a6ae5ba1f730392b6be62d50cd",
                            "rendered": "10.72.78.246 IBM-OCP-90daa3a2a4-master-0 IBM-OCP-90daa3a2a4-master-0.IBM-OpenShift.cloud ",
                            "template": "${master_ip} ${master_hostname} ${master_hostname_domain} ",
                            "vars.%": "3",
                            "vars.master_hostname": "IBM-OCP-90daa3a2a4-master-0",
                            "vars.master_hostname_domain": "IBM-OCP-90daa3a2a4-master-0.IBM-OpenShift.cloud",
                            "vars.master_ip": "10.72.78.246"
                        },
                        "meta": {},
                        "tainted": false
                    },
                    "deposed": [],
                    "provider": "provider.template"
                },
                "data.template_file.master_public_host_file_template": {
                    "type": "template_file",
                    "depends_on": [],
                    "primary": {
                        "id": "acaac278047c586e3c8bd1599aa8df0a696878d370a4970b54437b579e22552f",
                        "attributes": {
                            "id": "acaac278047c586e3c8bd1599aa8df0a696878d370a4970b54437b579e22552f",
                            "rendered": "158.176.112.206 IBM-OCP-90daa3a2a4-master-0 IBM-OCP-90daa3a2a4-master-0.IBM-OpenShift.cloud ",
                            "template": "${master_ip} ${master_hostname} ${master_hostname_domain} ",
                            "vars.%": "3",
                            "vars.master_hostname": "IBM-OCP-90daa3a2a4-master-0",
                            "vars.master_hostname_domain": "IBM-OCP-90daa3a2a4-master-0.IBM-OpenShift.cloud",
                            "vars.master_ip": "158.176.112.206"
                        },
                        "meta": {},
                        "tainted": false
                    },
                    "deposed": [],
                    "provider": "provider.template"
                },
                "data.template_file.ose_inventory_new": {
                    "type": "template_file",
                    "depends_on": [
                        "data.template_file.compute_block.*",
                        "data.template_file.gluster_block.*",
                        "data.template_file.infra_block.*",
                        "data.template_file.master_block.*"
                    ],
                    "primary": {
                        "id": "8618fd517ba3097b6967a91c6c1c8d8a871984f7fa22c90a40160c3830b2b709",
                        "attributes": {
                            "id": "8618fd517ba3097b6967a91c6c1c8d8a871984f7fa22c90a40160c3830b2b709",
                            "rendered": "# OpenShift Inventory Template.\n# Note that when the infrastructure is generated by Terraform, this file is\n# expanded into './inventory.cfg', based on the rules in:\n\n\n# Set variables common for all OSEv3 hosts\n[OSEv3:vars]\n\nansible_ssh_user=root\nansible_ssh_extra_args='-o StrictHostKeyChecking=no'\n\n# Deploy OpenShift Enterprise 3.11\nopenshift_deployment_type=openshift-enterprise\nopenshift_release= \"3.11\"\nopenshift_enable_docker_excluder=false\n\n# We need a wildcard DNS setup for our public access to services, fortunately\n# we can use the superb xip.io to get one for free.\nopenshift_public_hostname=IBM-OCP-90daa3a2a4-master-0.IBM-OpenShift.cloud\nopenshift_master_default_subdomain=apps.158.176.112.199.xip.io\n\n# Use an htpasswd file as the indentity provider.\nopenshift_master_identity_providers=[{'name': 'htpasswd_auth', 'login': 'true', 'challenge': 'true', 'kind': 'HTPasswdPasswordIdentityProvider'}]\nopenshift_disable_check= docker_image_availability,docker_storage,memory_availability,package_availability,package_version\n# Uncomment the line below to enable metrics for the cluster.\n# openshift_hosted_metrics_deploy=true\n\n# https://access.redhat.com/solutions/3617551\nopenshift_storage_glusterfs_image=\"registry.access.redhat.com/rhgs3/rhgs-server-rhel7:v3.11\"\nopenshift_storage_glusterfs_block_image=\"registry.access.redhat.com/rhgs3/rhgs-gluster-block-prov-rhel7:v3.11\"\nopenshift_storage_glusterfs_heketi_image=\"registry.access.redhat.com/rhgs3/rhgs-volmanager-rhel7:v3.11\"\n\nopenshift_cluster_monitoring_operator_install=false\nopenshift_cluster_monitoring_operator_node_selector={\"node-role.kubernetes.io/infra\":\"true\"}\nopenshift_certificate_expiry_fail_on_warn=False\noreg_auth_user=arunimi\noreg_auth_password=A31rosmth!\n\n[masters]\nIBM-OCP-90daa3a2a4-master-0.IBM-OpenShift.cloud openshift_ip=10.72.78.246 openshift_node_group_name='node-config-master'\n\n# host group for etcd\n[etcd]\nIBM-OCP-90daa3a2a4-master-0.IBM-OpenShift.cloud openshift_ip=10.72.78.246 openshift_node_group_name='node-config-master'\n\n[nodes:children]\nmasters\ncompute_nodes\ninfra_nodes\nglusterfs\n\n[compute_nodes]\nIBM-OCP-90daa3a2a4-app-0.IBM-OpenShift.cloud openshift_ip=10.72.78.234 openshift_node_group_name='node-config-compute'\nIBM-OCP-90daa3a2a4-app-1.IBM-OpenShift.cloud openshift_ip=10.72.78.196 openshift_node_group_name='node-config-compute'\nIBM-OCP-90daa3a2a4-app-2.IBM-OpenShift.cloud openshift_ip=10.72.78.206 openshift_node_group_name='node-config-compute'\n\n[infra_nodes]\nIBM-OCP-90daa3a2a4-infra-0.IBM-OpenShift.cloud openshift_ip=10.72.78.226 openshift_node_group_name='node-config-infra'\n\n[glusterfs]\nIBM-OCP-90daa3a2a4-storage-0.IBM-OpenShift.cloud glusterfs_ip=10.72.78.197 glusterfs_devices='[ \"/dev/dm-0\", \"/dev/dm-1\", \"/dev/dm-2\"]' openshift_node_group_name='node-config-compute'\nIBM-OCP-90daa3a2a4-storage-1.IBM-OpenShift.cloud glusterfs_ip=10.72.78.207 glusterfs_devices='[ \"/dev/dm-0\", \"/dev/dm-1\", \"/dev/dm-2\"]' openshift_node_group_name='node-config-compute'\nIBM-OCP-90daa3a2a4-storage-2.IBM-OpenShift.cloud glusterfs_ip=10.72.78.217 glusterfs_devices='[ \"/dev/dm-0\", \"/dev/dm-1\", \"/dev/dm-2\"]' openshift_node_group_name='node-config-compute'\n\n[virtual_nodes:children]\ncompute_nodes\nglusterfs\nmasters\netcd\ninfra_nodes\n\n\n[seed-hosts:children]\nmasters\n\n[OSEv3:children]\nmasters\nnodes\netcd\nglusterfs\n",
                            "template": "# OpenShift Inventory Template.\n# Note that when the infrastructure is generated by Terraform, this file is\n# expanded into './inventory.cfg', based on the rules in:\n\n\n# Set variables common for all OSEv3 hosts\n[OSEv3:vars]\n\nansible_ssh_user=root\nansible_ssh_extra_args='-o StrictHostKeyChecking=no'\n\n# Deploy OpenShift Enterprise 3.11\nopenshift_deployment_type=openshift-enterprise\nopenshift_release= \"3.11\"\nopenshift_enable_docker_excluder=false\n\n# We need a wildcard DNS setup for our public access to services, fortunately\n# we can use the superb xip.io to get one for free.\nopenshift_public_hostname=${master_hostname}\nopenshift_master_default_subdomain=${subdomain}\n\n# Use an htpasswd file as the indentity provider.\nopenshift_master_identity_providers=[{'name': 'htpasswd_auth', 'login': 'true', 'challenge': 'true', 'kind': 'HTPasswdPasswordIdentityProvider'}]\nopenshift_disable_check= docker_image_availability,docker_storage,memory_availability,package_availability,package_version\n# Uncomment the line below to enable metrics for the cluster.\n# openshift_hosted_metrics_deploy=true\n\n# https://access.redhat.com/solutions/3617551\nopenshift_storage_glusterfs_image=\"registry.access.redhat.com/rhgs3/rhgs-server-rhel7:v3.11\"\nopenshift_storage_glusterfs_block_image=\"registry.access.redhat.com/rhgs3/rhgs-gluster-block-prov-rhel7:v3.11\"\nopenshift_storage_glusterfs_heketi_image=\"registry.access.redhat.com/rhgs3/rhgs-volmanager-rhel7:v3.11\"\n\nopenshift_cluster_monitoring_operator_install=false\nopenshift_cluster_monitoring_operator_node_selector={\"node-role.kubernetes.io/infra\":\"true\"}\nopenshift_certificate_expiry_fail_on_warn=False\noreg_auth_user=${rhn_username}\noreg_auth_password=${rhn_password}\n\n[masters]\n${master_block}\n\n# host group for etcd\n[etcd]\n${master_block}\n\n[nodes:children]\nmasters\ncompute_nodes\ninfra_nodes\nglusterfs\n\n[compute_nodes]\n${compute_block}\n\n[infra_nodes]\n${infra_block}\n\n[glusterfs]\n${gluster_block}\n\n[virtual_nodes:children]\ncompute_nodes\nglusterfs\nmasters\netcd\ninfra_nodes\n\n\n[seed-hosts:children]\nmasters\n\n[OSEv3:children]\nmasters\nnodes\netcd\nglusterfs\n",
                            "vars.%": "10",
                            "vars.app_hostname": "IBM-OCP-90daa3a2a4-app-0.IBM-OpenShift.cloud",
                            "vars.compute_block": "IBM-OCP-90daa3a2a4-app-0.IBM-OpenShift.cloud openshift_ip=10.72.78.234 openshift_node_group_name='node-config-compute'\nIBM-OCP-90daa3a2a4-app-1.IBM-OpenShift.cloud openshift_ip=10.72.78.196 openshift_node_group_name='node-config-compute'\nIBM-OCP-90daa3a2a4-app-2.IBM-OpenShift.cloud openshift_ip=10.72.78.206 openshift_node_group_name='node-config-compute'",
                            "vars.gluster_block": "IBM-OCP-90daa3a2a4-storage-0.IBM-OpenShift.cloud glusterfs_ip=10.72.78.197 glusterfs_devices='[ \"/dev/dm-0\", \"/dev/dm-1\", \"/dev/dm-2\"]' openshift_node_group_name='node-config-compute'\nIBM-OCP-90daa3a2a4-storage-1.IBM-OpenShift.cloud glusterfs_ip=10.72.78.207 glusterfs_devices='[ \"/dev/dm-0\", \"/dev/dm-1\", \"/dev/dm-2\"]' openshift_node_group_name='node-config-compute'\nIBM-OCP-90daa3a2a4-storage-2.IBM-OpenShift.cloud glusterfs_ip=10.72.78.217 glusterfs_devices='[ \"/dev/dm-0\", \"/dev/dm-1\", \"/dev/dm-2\"]' openshift_node_group_name='node-config-compute'",
                            "vars.infra_block": "IBM-OCP-90daa3a2a4-infra-0.IBM-OpenShift.cloud openshift_ip=10.72.78.226 openshift_node_group_name='node-config-infra'",
                            "vars.infra_hostname": "IBM-OCP-90daa3a2a4-infra-0.IBM-OpenShift.cloud",
                            "vars.master_block": "IBM-OCP-90daa3a2a4-master-0.IBM-OpenShift.cloud openshift_ip=10.72.78.246 openshift_node_group_name='node-config-master'",
                            "vars.master_hostname": "IBM-OCP-90daa3a2a4-master-0.IBM-OpenShift.cloud",
                            "vars.rhn_password": "A31rosmth!",
                            "vars.rhn_username": "arunimi",
                            "vars.subdomain": "apps.158.176.112.199.xip.io"
                        },
                        "meta": {},
                        "tainted": false
                    },
                    "deposed": [],
                    "provider": "provider.template"
                },
                "data.template_file.storage_host_file_template.0": {
                    "type": "template_file",
                    "depends_on": [],
                    "primary": {
                        "id": "e9c9ccc78d37790fce307ac7a55473826edf62815154869b48fd03ef606a19f6",
                        "attributes": {
                            "id": "e9c9ccc78d37790fce307ac7a55473826edf62815154869b48fd03ef606a19f6",
                            "rendered": "10.72.78.197 IBM-OCP-90daa3a2a4-storage-0 IBM-OCP-90daa3a2a4-storage-0.IBM-OpenShift.cloud ",
                            "template": "${storage_ip} ${storage_hostname} ${storage_hostname_domain} ",
                            "vars.%": "3",
                            "vars.storage_hostname": "IBM-OCP-90daa3a2a4-storage-0",
                            "vars.storage_hostname_domain": "IBM-OCP-90daa3a2a4-storage-0.IBM-OpenShift.cloud",
                            "vars.storage_ip": "10.72.78.197"
                        },
                        "meta": {},
                        "tainted": false
                    },
                    "deposed": [],
                    "provider": "provider.template"
                },
                "data.template_file.storage_host_file_template.1": {
                    "type": "template_file",
                    "depends_on": [],
                    "primary": {
                        "id": "7bf7c8bd76db15a56dd7a1de8e6c253fda7fdc39c35c5a45b248b2913ef01564",
                        "attributes": {
                            "id": "7bf7c8bd76db15a56dd7a1de8e6c253fda7fdc39c35c5a45b248b2913ef01564",
                            "rendered": "10.72.78.207 IBM-OCP-90daa3a2a4-storage-1 IBM-OCP-90daa3a2a4-storage-1.IBM-OpenShift.cloud ",
                            "template": "${storage_ip} ${storage_hostname} ${storage_hostname_domain} ",
                            "vars.%": "3",
                            "vars.storage_hostname": "IBM-OCP-90daa3a2a4-storage-1",
                            "vars.storage_hostname_domain": "IBM-OCP-90daa3a2a4-storage-1.IBM-OpenShift.cloud",
                            "vars.storage_ip": "10.72.78.207"
                        },
                        "meta": {},
                        "tainted": false
                    },
                    "deposed": [],
                    "provider": "provider.template"
                },
                "data.template_file.storage_host_file_template.2": {
                    "type": "template_file",
                    "depends_on": [],
                    "primary": {
                        "id": "f0ca987ffaec3f2f16bfa55ade644ca27b505fcc78753ef68733f341b1a073d1",
                        "attributes": {
                            "id": "f0ca987ffaec3f2f16bfa55ade644ca27b505fcc78753ef68733f341b1a073d1",
                            "rendered": "10.72.78.217 IBM-OCP-90daa3a2a4-storage-2 IBM-OCP-90daa3a2a4-storage-2.IBM-OpenShift.cloud ",
                            "template": "${storage_ip} ${storage_hostname} ${storage_hostname_domain} ",
                            "vars.%": "3",
                            "vars.storage_hostname": "IBM-OCP-90daa3a2a4-storage-2",
                            "vars.storage_hostname_domain": "IBM-OCP-90daa3a2a4-storage-2.IBM-OpenShift.cloud",
                            "vars.storage_ip": "10.72.78.217"
                        },
                        "meta": {},
                        "tainted": false
                    },
                    "deposed": [],
                    "provider": "provider.template"
                },
                "local_file.host_file_render": {
                    "type": "local_file",
                    "depends_on": [
                        "data.template_file.app_host_file_template.*",
                        "data.template_file.infra_host_file_template.*",
                        "data.template_file.master_host_file_template.*",
                        "data.template_file.master_public_host_file_template.*",
                        "data.template_file.storage_host_file_template.*"
                    ],
                    "primary": {
                        "id": "2413c0f63aff9b765c682f9a4f5f2ef518d9a40b",
                        "attributes": {
                            "content": "10.72.78.246 IBM-OCP-90daa3a2a4-master-0 IBM-OCP-90daa3a2a4-master-0.IBM-OpenShift.cloud \n10.72.78.226 IBM-OCP-90daa3a2a4-infra-0 IBM-OCP-90daa3a2a4-infra-0.IBM-OpenShift.cloud \n10.72.78.234 IBM-OCP-90daa3a2a4-app-0 IBM-OCP-90daa3a2a4-app-0.IBM-OpenShift.cloud \n10.72.78.196 IBM-OCP-90daa3a2a4-app-1 IBM-OCP-90daa3a2a4-app-1.IBM-OpenShift.cloud \n10.72.78.206 IBM-OCP-90daa3a2a4-app-2 IBM-OCP-90daa3a2a4-app-2.IBM-OpenShift.cloud \n158.176.112.206 IBM-OCP-90daa3a2a4-master-0 IBM-OCP-90daa3a2a4-master-0.IBM-OpenShift.cloud \n10.72.78.197 IBM-OCP-90daa3a2a4-storage-0 IBM-OCP-90daa3a2a4-storage-0.IBM-OpenShift.cloud \n10.72.78.207 IBM-OCP-90daa3a2a4-storage-1 IBM-OCP-90daa3a2a4-storage-1.IBM-OpenShift.cloud \n10.72.78.217 IBM-OCP-90daa3a2a4-storage-2 IBM-OCP-90daa3a2a4-storage-2.IBM-OpenShift.cloud ",
                            "directory_permission": "0777",
                            "file_permission": "0777",
                            "filename": "/Users/admin/Documents/ISL/Code/Openshift/terraform-ibm-openshift/inventory_repo/hosts",
                            "id": "2413c0f63aff9b765c682f9a4f5f2ef518d9a40b"
                        },
                        "meta": {},
                        "tainted": false
                    },
                    "deposed": [],
                    "provider": "provider.local"
                },
                "local_file.ose_inventory_file": {
                    "type": "local_file",
                    "depends_on": [
                        "data.template_file.ose_inventory_new"
                    ],
                    "primary": {
                        "id": "5f35b7ffa3b1a0dfefc0f075c33ffb3e00b6af67",
                        "attributes": {
                            "content": "# OpenShift Inventory Template.\n# Note that when the infrastructure is generated by Terraform, this file is\n# expanded into './inventory.cfg', based on the rules in:\n\n\n# Set variables common for all OSEv3 hosts\n[OSEv3:vars]\n\nansible_ssh_user=root\nansible_ssh_extra_args='-o StrictHostKeyChecking=no'\n\n# Deploy OpenShift Enterprise 3.11\nopenshift_deployment_type=openshift-enterprise\nopenshift_release= \"3.11\"\nopenshift_enable_docker_excluder=false\n\n# We need a wildcard DNS setup for our public access to services, fortunately\n# we can use the superb xip.io to get one for free.\nopenshift_public_hostname=IBM-OCP-90daa3a2a4-master-0.IBM-OpenShift.cloud\nopenshift_master_default_subdomain=apps.158.176.112.199.xip.io\n\n# Use an htpasswd file as the indentity provider.\nopenshift_master_identity_providers=[{'name': 'htpasswd_auth', 'login': 'true', 'challenge': 'true', 'kind': 'HTPasswdPasswordIdentityProvider'}]\nopenshift_disable_check= docker_image_availability,docker_storage,memory_availability,package_availability,package_version\n# Uncomment the line below to enable metrics for the cluster.\n# openshift_hosted_metrics_deploy=true\n\n# https://access.redhat.com/solutions/3617551\nopenshift_storage_glusterfs_image=\"registry.access.redhat.com/rhgs3/rhgs-server-rhel7:v3.11\"\nopenshift_storage_glusterfs_block_image=\"registry.access.redhat.com/rhgs3/rhgs-gluster-block-prov-rhel7:v3.11\"\nopenshift_storage_glusterfs_heketi_image=\"registry.access.redhat.com/rhgs3/rhgs-volmanager-rhel7:v3.11\"\n\nopenshift_cluster_monitoring_operator_install=false\nopenshift_cluster_monitoring_operator_node_selector={\"node-role.kubernetes.io/infra\":\"true\"}\nopenshift_certificate_expiry_fail_on_warn=False\noreg_auth_user=arunimi\noreg_auth_password=A31rosmth!\n\n[masters]\nIBM-OCP-90daa3a2a4-master-0.IBM-OpenShift.cloud openshift_ip=10.72.78.246 openshift_node_group_name='node-config-master'\n\n# host group for etcd\n[etcd]\nIBM-OCP-90daa3a2a4-master-0.IBM-OpenShift.cloud openshift_ip=10.72.78.246 openshift_node_group_name='node-config-master'\n\n[nodes:children]\nmasters\ncompute_nodes\ninfra_nodes\nglusterfs\n\n[compute_nodes]\nIBM-OCP-90daa3a2a4-app-0.IBM-OpenShift.cloud openshift_ip=10.72.78.234 openshift_node_group_name='node-config-compute'\nIBM-OCP-90daa3a2a4-app-1.IBM-OpenShift.cloud openshift_ip=10.72.78.196 openshift_node_group_name='node-config-compute'\nIBM-OCP-90daa3a2a4-app-2.IBM-OpenShift.cloud openshift_ip=10.72.78.206 openshift_node_group_name='node-config-compute'\n\n[infra_nodes]\nIBM-OCP-90daa3a2a4-infra-0.IBM-OpenShift.cloud openshift_ip=10.72.78.226 openshift_node_group_name='node-config-infra'\n\n[glusterfs]\nIBM-OCP-90daa3a2a4-storage-0.IBM-OpenShift.cloud glusterfs_ip=10.72.78.197 glusterfs_devices='[ \"/dev/dm-0\", \"/dev/dm-1\", \"/dev/dm-2\"]' openshift_node_group_name='node-config-compute'\nIBM-OCP-90daa3a2a4-storage-1.IBM-OpenShift.cloud glusterfs_ip=10.72.78.207 glusterfs_devices='[ \"/dev/dm-0\", \"/dev/dm-1\", \"/dev/dm-2\"]' openshift_node_group_name='node-config-compute'\nIBM-OCP-90daa3a2a4-storage-2.IBM-OpenShift.cloud glusterfs_ip=10.72.78.217 glusterfs_devices='[ \"/dev/dm-0\", \"/dev/dm-1\", \"/dev/dm-2\"]' openshift_node_group_name='node-config-compute'\n\n[virtual_nodes:children]\ncompute_nodes\nglusterfs\nmasters\netcd\ninfra_nodes\n\n\n[seed-hosts:children]\nmasters\n\n[OSEv3:children]\nmasters\nnodes\netcd\nglusterfs\n",
                            "directory_permission": "0777",
                            "file_permission": "0777",
                            "filename": "/Users/admin/Documents/ISL/Code/Openshift/terraform-ibm-openshift/inventory_repo/inventory.cfg",
                            "id": "5f35b7ffa3b1a0dfefc0f075c33ffb3e00b6af67"
                        },
                        "meta": {},
                        "tainted": false
                    },
                    "deposed": [],
                    "provider": "provider.local"
                }
            },
            "depends_on": []
        },
        {
            "path": [
                "root",
                "masternode"
            ],
            "outputs": {
                "master_host": {
                    "sensitive": false,
                    "type": "list",
                    "value": [
                        "IBM-OCP-90daa3a2a4-master-0"
                    ]
                },
                "master_ip_address_id": {
                    "sensitive": false,
                    "type": "list",
                    "value": [
                        "142249052"
                    ]
                },
                "master_private_ip": {
                    "sensitive": false,
                    "type": "list",
                    "value": [
                        "10.72.78.246"
                    ]
                },
                "master_public_ip": {
                    "sensitive": false,
                    "type": "list",
                    "value": [
                        "158.176.112.206"
                    ]
                },
                "openshift_master_id": {
                    "sensitive": false,
                    "type": "string",
                    "value": "2105606"
                }
            },
            "resources": {
                "ibm_compute_vm_instance.masternode": {
                    "type": "ibm_compute_vm_instance",
                    "depends_on": [
                        "ibm_security_group.openshift-master"
                    ],
                    "primary": {
                        "id": "91755562",
                        "attributes": {
                            "block_storage_ids.#": "1",
                            "block_storage_ids.102401964": "102401964",
                            "cores": "4",
                            "datacenter": "lon06",
                            "dedicated_acct_host_only": "false",
                            "disks.#": "0",
                            "domain": "IBM-OpenShift.cloud",
                            "file_storage_ids.#": "0",
                            "flavor_key_name": "B1_4X16X100",
                            "hostname": "IBM-OCP-90daa3a2a4-master-0",
                            "hourly_billing": "true",
                            "id": "91755562",
                            "ip_address_id": "142246140",
                            "ip_address_id_private": "142249052",
                            "ipv4_address": "158.176.112.206",
                            "ipv4_address_private": "10.72.78.246",
                            "ipv6_enabled": "false",
                            "ipv6_static_enabled": "false",
                            "local_disk": "false",
                            "memory": "16384",
                            "network_speed": "1000",
                            "notes": "",
                            "os_reference_code": "REDHAT_7_64",
                            "private_interface_id": "58986984",
                            "private_network_only": "false",
                            "private_security_group_ids.#": "1",
                            "private_security_group_ids.2105606": "2105606",
                            "private_subnet": "10.72.78.192/26",
                            "private_subnet_id": "1647489",
                            "private_vlan_id": "2734910",
                            "public_bandwidth_unlimited": "false",
                            "public_interface_id": "58986978",
                            "public_security_group_ids.#": "1",
                            "public_security_group_ids.2105606": "2105606",
                            "public_subnet": "158.176.112.192/28",
                            "public_subnet_id": "2029163",
                            "public_vlan_id": "2734912",
                            "secondary_ip_addresses.#": "0",
                            "ssh_key_ids.#": "2",
                            "ssh_key_ids.1602894": "1602894",
                            "ssh_key_ids.1602966": "1602966",
                            "transient": "false",
                            "wait_time_minutes": "90"
                        },
                        "meta": {},
                        "tainted": false
                    },
                    "deposed": [],
                    "provider": "provider.ibm"
                },
                "ibm_security_group.openshift-master": {
                    "type": "ibm_security_group",
                    "depends_on": [],
                    "primary": {
                        "id": "2105606",
                        "attributes": {
                            "description": "master security grp for vms",
                            "id": "2105606",
                            "name": "ose_master_sg-90daa3a2a4"
                        },
                        "meta": {},
                        "tainted": false
                    },
                    "deposed": [],
                    "provider": "provider.ibm"
                },
                "ibm_security_group_rule.openshift-master-egress_rule1": {
                    "type": "ibm_security_group_rule",
                    "depends_on": [
                        "ibm_security_group.openshift-master"
                    ],
                    "primary": {
                        "id": "6474422",
                        "attributes": {
                            "direction": "egress",
                            "ether_type": "IPv4",
                            "id": "6474422",
                            "security_group_id": "2105606"
                        },
                        "meta": {},
                        "tainted": false
                    },
                    "deposed": [],
                    "provider": "provider.ibm"
                },
                "ibm_security_group_rule.openshift-master-ingress_rule1": {
                    "type": "ibm_security_group_rule",
                    "depends_on": [
                        "ibm_security_group.openshift-master"
                    ],
                    "primary": {
                        "id": "6473978",
                        "attributes": {
                            "direction": "ingress",
                            "ether_type": "IPv4",
                            "id": "6473978",
                            "port_range_max": "22",
                            "port_range_min": "22",
                            "protocol": "tcp",
                            "security_group_id": "2105606"
                        },
                        "meta": {},
                        "tainted": false
                    },
                    "deposed": [],
                    "provider": "provider.ibm"
                },
                "ibm_security_group_rule.openshift-master-ingress_rule10": {
                    "type": "ibm_security_group_rule",
                    "depends_on": [
                        "ibm_security_group.openshift-master"
                    ],
                    "primary": {
                        "id": "6474252",
                        "attributes": {
                            "direction": "ingress",
                            "ether_type": "IPv4",
                            "id": "6474252",
                            "port_range_max": "32767",
                            "port_range_min": "30000",
                            "protocol": "tcp",
                            "security_group_id": "2105606"
                        },
                        "meta": {},
                        "tainted": false
                    },
                    "deposed": [],
                    "provider": "provider.ibm"
                },
                "ibm_security_group_rule.openshift-master-ingress_rule11": {
                    "type": "ibm_security_group_rule",
                    "depends_on": [
                        "ibm_security_group.openshift-master"
                    ],
                    "primary": {
                        "id": "6473976",
                        "attributes": {
                            "direction": "ingress",
                            "ether_type": "IPv4",
                            "id": "6473976",
                            "port_range_max": "8443",
                            "port_range_min": "8443",
                            "protocol": "tcp",
                            "security_group_id": "2105606"
                        },
                        "meta": {},
                        "tainted": false
                    },
                    "deposed": [],
                    "provider": "provider.ibm"
                },
                "ibm_security_group_rule.openshift-master-ingress_rule12": {
                    "type": "ibm_security_group_rule",
                    "depends_on": [
                        "ibm_security_group.openshift-master"
                    ],
                    "primary": {
                        "id": "6474254",
                        "attributes": {
                            "direction": "ingress",
                            "ether_type": "IPv4",
                            "id": "6474254",
                            "port_range_max": "4789",
                            "port_range_min": "4789",
                            "protocol": "udp",
                            "security_group_id": "2105606"
                        },
                        "meta": {},
                        "tainted": false
                    },
                    "deposed": [],
                    "provider": "provider.ibm"
                },
                "ibm_security_group_rule.openshift-master-ingress_rule13": {
                    "type": "ibm_security_group_rule",
                    "depends_on": [
                        "ibm_security_group.openshift-master"
                    ],
                    "primary": {
                        "id": "6473970",
                        "attributes": {
                            "direction": "ingress",
                            "ether_type": "IPv4",
                            "id": "6473970",
                            "port_range_max": "2049",
                            "port_range_min": "2049",
                            "protocol": "udp",
                            "security_group_id": "2105606"
                        },
                        "meta": {},
                        "tainted": false
                    },
                    "deposed": [],
                    "provider": "provider.ibm"
                },
                "ibm_security_group_rule.openshift-master-ingress_rule14": {
                    "type": "ibm_security_group_rule",
                    "depends_on": [
                        "ibm_security_group.openshift-master"
                    ],
                    "primary": {
                        "id": "6474420",
                        "attributes": {
                            "direction": "ingress",
                            "ether_type": "IPv4",
                            "id": "6474420",
                            "port_range_max": "2049",
                            "port_range_min": "2049",
                            "protocol": "tcp",
                            "security_group_id": "2105606"
                        },
                        "meta": {},
                        "tainted": false
                    },
                    "deposed": [],
                    "provider": "provider.ibm"
                },
                "ibm_security_group_rule.openshift-master-ingress_rule15": {
                    "type": "ibm_security_group_rule",
                    "depends_on": [
                        "ibm_security_group.openshift-master"
                    ],
                    "primary": {
                        "id": "6474418",
                        "attributes": {
                            "direction": "ingress",
                            "ether_type": "IPv4",
                            "id": "6474418",
                            "port_range_max": "8444",
                            "port_range_min": "8444",
                            "protocol": "tcp",
                            "security_group_id": "2105606"
                        },
                        "meta": {},
                        "tainted": false
                    },
                    "deposed": [],
                    "provider": "provider.ibm"
                },
                "ibm_security_group_rule.openshift-master-ingress_rule2": {
                    "type": "ibm_security_group_rule",
                    "depends_on": [
                        "ibm_security_group.openshift-master"
                    ],
                    "primary": {
                        "id": "6474424",
                        "attributes": {
                            "direction": "ingress",
                            "ether_type": "IPv4",
                            "id": "6474424",
                            "port_range_max": "443",
                            "port_range_min": "443",
                            "protocol": "tcp",
                            "security_group_id": "2105606"
                        },
                        "meta": {},
                        "tainted": false
                    },
                    "deposed": [],
                    "provider": "provider.ibm"
                },
                "ibm_security_group_rule.openshift-master-ingress_rule3": {
                    "type": "ibm_security_group_rule",
                    "depends_on": [
                        "ibm_security_group.openshift-master"
                    ],
                    "primary": {
                        "id": "6474256",
                        "attributes": {
                            "direction": "ingress",
                            "ether_type": "IPv4",
                            "id": "6474256",
                            "port_range_max": "80",
                            "port_range_min": "80",
                            "protocol": "tcp",
                            "security_group_id": "2105606"
                        },
                        "meta": {},
                        "tainted": false
                    },
                    "deposed": [],
                    "provider": "provider.ibm"
                },
                "ibm_security_group_rule.openshift-master-ingress_rule4": {
                    "type": "ibm_security_group_rule",
                    "depends_on": [
                        "ibm_security_group.openshift-master"
                    ],
                    "primary": {
                        "id": "6473916",
                        "attributes": {
                            "direction": "ingress",
                            "ether_type": "IPv4",
                            "id": "6473916",
                            "port_range_max": "8053",
                            "port_range_min": "8053",
                            "protocol": "tcp",
                            "security_group_id": "2105606"
                        },
                        "meta": {},
                        "tainted": false
                    },
                    "deposed": [],
                    "provider": "provider.ibm"
                },
                "ibm_security_group_rule.openshift-master-ingress_rule5": {
                    "type": "ibm_security_group_rule",
                    "depends_on": [
                        "ibm_security_group.openshift-master"
                    ],
                    "primary": {
                        "id": "6473974",
                        "attributes": {
                            "direction": "ingress",
                            "ether_type": "IPv4",
                            "id": "6473974",
                            "port_range_max": "8053",
                            "port_range_min": "8053",
                            "protocol": "udp",
                            "security_group_id": "2105606"
                        },
                        "meta": {},
                        "tainted": false
                    },
                    "deposed": [],
                    "provider": "provider.ibm"
                },
                "ibm_security_group_rule.openshift-master-ingress_rule6": {
                    "type": "ibm_security_group_rule",
                    "depends_on": [
                        "ibm_security_group.openshift-master"
                    ],
                    "primary": {
                        "id": "6474046",
                        "attributes": {
                            "direction": "ingress",
                            "ether_type": "IPv4",
                            "id": "6474046",
                            "port_range_max": "53",
                            "port_range_min": "53",
                            "protocol": "tcp",
                            "security_group_id": "2105606"
                        },
                        "meta": {},
                        "tainted": false
                    },
                    "deposed": [],
                    "provider": "provider.ibm"
                },
                "ibm_security_group_rule.openshift-master-ingress_rule7": {
                    "type": "ibm_security_group_rule",
                    "depends_on": [
                        "ibm_security_group.openshift-master"
                    ],
                    "primary": {
                        "id": "6474044",
                        "attributes": {
                            "direction": "ingress",
                            "ether_type": "IPv4",
                            "id": "6474044",
                            "port_range_max": "53",
                            "port_range_min": "53",
                            "protocol": "udp",
                            "security_group_id": "2105606"
                        },
                        "meta": {},
                        "tainted": false
                    },
                    "deposed": [],
                    "provider": "provider.ibm"
                },
                "ibm_security_group_rule.openshift-master-ingress_rule8": {
                    "type": "ibm_security_group_rule",
                    "depends_on": [
                        "ibm_security_group.openshift-master"
                    ],
                    "primary": {
                        "id": "6474332",
                        "attributes": {
                            "direction": "ingress",
                            "ether_type": "IPv4",
                            "id": "6474332",
                            "port_range_max": "2379",
                            "port_range_min": "2379",
                            "protocol": "tcp",
                            "security_group_id": "2105606"
                        },
                        "meta": {},
                        "tainted": false
                    },
                    "deposed": [],
                    "provider": "provider.ibm"
                },
                "ibm_security_group_rule.openshift-master-ingress_rule9": {
                    "type": "ibm_security_group_rule",
                    "depends_on": [
                        "ibm_security_group.openshift-master"
                    ],
                    "primary": {
                        "id": "6473972",
                        "attributes": {
                            "direction": "ingress",
                            "ether_type": "IPv4",
                            "id": "6473972",
                            "port_range_max": "2380",
                            "port_range_min": "2380",
                            "protocol": "tcp",
                            "security_group_id": "2105606"
                        },
                        "meta": {},
                        "tainted": false
                    },
                    "deposed": [],
                    "provider": "provider.ibm"
                },
                "ibm_storage_block.masternode_block": {
                    "type": "ibm_storage_block",
                    "depends_on": [
                        "ibm_compute_vm_instance.masternode.*"
                    ],
                    "primary": {
                        "id": "102401964",
                        "attributes": {
                            "allowed_hardware_ids.#": "0",
                            "allowed_hardware_info.#": "0",
                            "allowed_host_info.#": "1",
                            "allowed_host_info.0.host_iqn": "iqn.2019-10.com.ibm:ibm02su1924691-v91755562",
                            "allowed_host_info.0.id": "91755562",
                            "allowed_host_info.0.password": "KAvy3yRxkd2Zyamy",
                            "allowed_host_info.0.username": "IBM02SU1924691-V91755562",
                            "allowed_ip_addresses.#": "0",
                            "allowed_virtual_guest_ids.#": "1",
                            "allowed_virtual_guest_ids.91755562": "91755562",
                            "allowed_virtual_guest_info.#": "1",
                            "allowed_virtual_guest_info.91755562.host_iqn": "iqn.2019-10.com.ibm:ibm02su1924691-v91755562",
                            "allowed_virtual_guest_info.91755562.id": "91755562",
                            "allowed_virtual_guest_info.91755562.password": "KAvy3yRxkd2Zyamy",
                            "allowed_virtual_guest_info.91755562.username": "IBM02SU1924691-V91755562",
                            "capacity": "500",
                            "datacenter": "lon06",
                            "hostname": "161.26.142.29",
                            "hourly_billing": "true",
                            "id": "102401964",
                            "iops": "1000",
                            "os_format_type": "Linux",
                            "target_address.#": "2",
                            "target_address.0": "161.26.142.30",
                            "target_address.1": "161.26.142.29",
                            "type": "Performance",
                            "volumename": "IBM02SL1924691-16"
                        },
                        "meta": {},
                        "tainted": false
                    },
                    "deposed": [],
                    "provider": "provider.ibm"
                },
                "null_resource.iscsi_master": {
                    "type": "null_resource",
                    "depends_on": [
                        "ibm_compute_vm_instance.masternode.*",
                        "ibm_storage_block.masternode_block.*",
                        "local.block_allowed_hosts"
                    ],
                    "primary": {
                        "id": "5440055994857274124",
                        "attributes": {
                            "id": "5440055994857274124"
                        },
                        "meta": {},
                        "tainted": false
                    },
                    "deposed": [],
                    "provider": "provider.null"
                }
            },
            "depends_on": []
        },
        {
            "path": [
                "root",
                "openshift"
            ],
            "outputs": {},
            "resources": {
                "null_resource.pre_install_cluster": {
                    "type": "null_resource",
                    "depends_on": [],
                    "primary": {
                        "id": "8812754777333185494",
                        "attributes": {
                            "id": "8812754777333185494"
                        },
                        "meta": {},
                        "tainted": true
                    },
                    "deposed": [],
                    "provider": "provider.null"
                }
            },
            "depends_on": []
        },
        {
            "path": [
                "root",
                "privatesg"
            ],
            "outputs": {
                "openshift_node_id": {
                    "sensitive": false,
                    "type": "string",
                    "value": "2105522"
                }
            },
            "resources": {
                "ibm_security_group.openshift-node": {
                    "type": "ibm_security_group",
                    "depends_on": [],
                    "primary": {
                        "id": "2105522",
                        "attributes": {
                            "description": "Private security group",
                            "id": "2105522",
                            "name": "ose_node_prv_sg-90daa3a2a4"
                        },
                        "meta": {},
                        "tainted": false
                    },
                    "deposed": [],
                    "provider": "provider.ibm"
                },
                "ibm_security_group_rule.openshift-node-egress_rule1": {
                    "type": "ibm_security_group_rule",
                    "depends_on": [
                        "ibm_security_group.openshift-node"
                    ],
                    "primary": {
                        "id": "6474320",
                        "attributes": {
                            "direction": "egress",
                            "ether_type": "IPv4",
                            "id": "6474320",
                            "security_group_id": "2105522"
                        },
                        "meta": {},
                        "tainted": false
                    },
                    "deposed": [],
                    "provider": "provider.ibm"
                },
                "ibm_security_group_rule.openshift-node-ingress_rule1": {
                    "type": "ibm_security_group_rule",
                    "depends_on": [
                        "ibm_security_group.openshift-node"
                    ],
                    "primary": {
                        "id": "6474248",
                        "attributes": {
                            "direction": "ingress",
                            "ether_type": "IPv4",
                            "id": "6474248",
                            "port_range_max": "443",
                            "port_range_min": "443",
                            "protocol": "tcp",
                            "security_group_id": "2105522"
                        },
                        "meta": {},
                        "tainted": false
                    },
                    "deposed": [],
                    "provider": "provider.ibm"
                },
                "ibm_security_group_rule.openshift-node-ingress_rule10": {
                    "type": "ibm_security_group_rule",
                    "depends_on": [
                        "ibm_security_group.openshift-node"
                    ],
                    "primary": {
                        "id": "6474036",
                        "attributes": {
                            "direction": "ingress",
                            "ether_type": "IPv4",
                            "id": "6474036",
                            "port_range_max": "24007",
                            "port_range_min": "24007",
                            "protocol": "tcp",
                            "security_group_id": "2105522"
                        },
                        "meta": {},
                        "tainted": false
                    },
                    "deposed": [],
                    "provider": "provider.ibm"
                },
                "ibm_security_group_rule.openshift-node-ingress_rule11": {
                    "type": "ibm_security_group_rule",
                    "depends_on": [
                        "ibm_security_group.openshift-node"
                    ],
                    "primary": {
                        "id": "6474154",
                        "attributes": {
                            "direction": "ingress",
                            "ether_type": "IPv4",
                            "id": "6474154",
                            "port_range_max": "24008",
                            "port_range_min": "24008",
                            "protocol": "tcp",
                            "security_group_id": "2105522"
                        },
                        "meta": {},
                        "tainted": false
                    },
                    "deposed": [],
                    "provider": "provider.ibm"
                },
                "ibm_security_group_rule.openshift-node-ingress_rule12": {
                    "type": "ibm_security_group_rule",
                    "depends_on": [
                        "ibm_security_group.openshift-node"
                    ],
                    "primary": {
                        "id": "6474156",
                        "attributes": {
                            "direction": "ingress",
                            "ether_type": "IPv4",
                            "id": "6474156",
                            "port_range_max": "49251",
                            "port_range_min": "49152",
                            "protocol": "tcp",
                            "security_group_id": "2105522"
                        },
                        "meta": {},
                        "tainted": false
                    },
                    "deposed": [],
                    "provider": "provider.ibm"
                },
                "ibm_security_group_rule.openshift-node-ingress_rule2": {
                    "type": "ibm_security_group_rule",
                    "depends_on": [
                        "ibm_security_group.openshift-node"
                    ],
                    "primary": {
                        "id": "6474158",
                        "attributes": {
                            "direction": "ingress",
                            "ether_type": "IPv4",
                            "id": "6474158",
                            "port_range_max": "22",
                            "port_range_min": "22",
                            "protocol": "tcp",
                            "security_group_id": "2105522"
                        },
                        "meta": {},
                        "tainted": false
                    },
                    "deposed": [],
                    "provider": "provider.ibm"
                },
                "ibm_security_group_rule.openshift-node-ingress_rule3": {
                    "type": "ibm_security_group_rule",
                    "depends_on": [
                        "ibm_security_group.openshift-node"
                    ],
                    "primary": {
                        "id": "6474246",
                        "attributes": {
                            "direction": "ingress",
                            "ether_type": "IPv4",
                            "id": "6474246",
                            "port_range_max": "10250",
                            "port_range_min": "10250",
                            "protocol": "tcp",
                            "security_group_id": "2105522"
                        },
                        "meta": {},
                        "tainted": false
                    },
                    "deposed": [],
                    "provider": "provider.ibm"
                },
                "ibm_security_group_rule.openshift-node-ingress_rule4": {
                    "type": "ibm_security_group_rule",
                    "depends_on": [
                        "ibm_security_group.openshift-node"
                    ],
                    "primary": {
                        "id": "6473898",
                        "attributes": {
                            "direction": "ingress",
                            "ether_type": "IPv4",
                            "id": "6473898",
                            "port_range_max": "4789",
                            "port_range_min": "4789",
                            "protocol": "udp",
                            "security_group_id": "2105522"
                        },
                        "meta": {},
                        "tainted": false
                    },
                    "deposed": [],
                    "provider": "provider.ibm"
                },
                "ibm_security_group_rule.openshift-node-ingress_rule5": {
                    "type": "ibm_security_group_rule",
                    "depends_on": [
                        "ibm_security_group.openshift-node"
                    ],
                    "primary": {
                        "id": "6474040",
                        "attributes": {
                            "direction": "ingress",
                            "ether_type": "IPv4",
                            "id": "6474040",
                            "port_range_max": "80",
                            "port_range_min": "80",
                            "protocol": "tcp",
                            "security_group_id": "2105522"
                        },
                        "meta": {},
                        "tainted": false
                    },
                    "deposed": [],
                    "provider": "provider.ibm"
                },
                "ibm_security_group_rule.openshift-node-ingress_rule6": {
                    "type": "ibm_security_group_rule",
                    "depends_on": [
                        "ibm_security_group.openshift-node"
                    ],
                    "primary": {
                        "id": "6473900",
                        "attributes": {
                            "direction": "ingress",
                            "ether_type": "IPv4",
                            "id": "6473900",
                            "port_range_max": "32767",
                            "port_range_min": "30000",
                            "protocol": "tcp",
                            "security_group_id": "2105522"
                        },
                        "meta": {},
                        "tainted": false
                    },
                    "deposed": [],
                    "provider": "provider.ibm"
                },
                "ibm_security_group_rule.openshift-node-ingress_rule7": {
                    "type": "ibm_security_group_rule",
                    "depends_on": [
                        "ibm_security_group.openshift-node"
                    ],
                    "primary": {
                        "id": "6474244",
                        "attributes": {
                            "direction": "ingress",
                            "ether_type": "IPv4",
                            "id": "6474244",
                            "port_range_max": "8443",
                            "port_range_min": "8443",
                            "protocol": "tcp",
                            "security_group_id": "2105522"
                        },
                        "meta": {},
                        "tainted": false
                    },
                    "deposed": [],
                    "provider": "provider.ibm"
                },
                "ibm_security_group_rule.openshift-node-ingress_rule8": {
                    "type": "ibm_security_group_rule",
                    "depends_on": [
                        "ibm_security_group.openshift-node"
                    ],
                    "primary": {
                        "id": "6474038",
                        "attributes": {
                            "direction": "ingress",
                            "ether_type": "IPv4",
                            "id": "6474038",
                            "port_range_max": "10010",
                            "port_range_min": "10010",
                            "protocol": "tcp",
                            "security_group_id": "2105522"
                        },
                        "meta": {},
                        "tainted": false
                    },
                    "deposed": [],
                    "provider": "provider.ibm"
                },
                "ibm_security_group_rule.openshift-node-ingress_rule9": {
                    "type": "ibm_security_group_rule",
                    "depends_on": [
                        "ibm_security_group.openshift-node"
                    ],
                    "primary": {
                        "id": "6474322",
                        "attributes": {
                            "direction": "ingress",
                            "ether_type": "IPv4",
                            "id": "6474322",
                            "port_range_max": "2222",
                            "port_range_min": "2222",
                            "protocol": "tcp",
                            "security_group_id": "2105522"
                        },
                        "meta": {},
                        "tainted": false
                    },
                    "deposed": [],
                    "provider": "provider.ibm"
                }
            },
            "depends_on": []
        },
        {
            "path": [
                "root",
                "publicsg"
            ],
            "outputs": {
                "openshift_node_id": {
                    "sensitive": false,
                    "type": "string",
                    "value": "2105604"
                }
            },
            "resources": {
                "ibm_security_group.openshift-node": {
                    "type": "ibm_security_group",
                    "depends_on": [],
                    "primary": {
                        "id": "2105604",
                        "attributes": {
                            "description": "Public security group",
                            "id": "2105604",
                            "name": "ose_node_pub_sg-90daa3a2a4"
                        },
                        "meta": {},
                        "tainted": false
                    },
                    "deposed": [],
                    "provider": "provider.ibm"
                },
                "ibm_security_group_rule.openshift-node-egress_rule1": {
                    "type": "ibm_security_group_rule",
                    "depends_on": [
                        "ibm_security_group.openshift-node"
                    ],
                    "primary": {
                        "id": "6474326",
                        "attributes": {
                            "direction": "egress",
                            "ether_type": "IPv4",
                            "id": "6474326",
                            "security_group_id": "2105604"
                        },
                        "meta": {},
                        "tainted": false
                    },
                    "deposed": [],
                    "provider": "provider.ibm"
                },
                "ibm_security_group_rule.openshift-node-ingress_rule1": {
                    "type": "ibm_security_group_rule",
                    "depends_on": [
                        "ibm_security_group.openshift-node"
                    ],
                    "primary": {
                        "id": "6473902",
                        "attributes": {
                            "direction": "ingress",
                            "ether_type": "IPv4",
                            "id": "6473902",
                            "port_range_max": "443",
                            "port_range_min": "443",
                            "protocol": "tcp",
                            "security_group_id": "2105604"
                        },
                        "meta": {},
                        "tainted": false
                    },
                    "deposed": [],
                    "provider": "provider.ibm"
                },
                "ibm_security_group_rule.openshift-node-ingress_rule10": {
                    "type": "ibm_security_group_rule",
                    "depends_on": [
                        "ibm_security_group.openshift-node"
                    ],
                    "primary": {
                        "id": "6474160",
                        "attributes": {
                            "direction": "ingress",
                            "ether_type": "IPv4",
                            "id": "6474160",
                            "port_range_max": "24007",
                            "port_range_min": "24007",
                            "protocol": "tcp",
                            "security_group_id": "2105604"
                        },
                        "meta": {},
                        "tainted": false
                    },
                    "deposed": [],
                    "provider": "provider.ibm"
                },
                "ibm_security_group_rule.openshift-node-ingress_rule11": {
                    "type": "ibm_security_group_rule",
                    "depends_on": [
                        "ibm_security_group.openshift-node"
                    ],
                    "primary": {
                        "id": "6474328",
                        "attributes": {
                            "direction": "ingress",
                            "ether_type": "IPv4",
                            "id": "6474328",
                            "port_range_max": "24008",
                            "port_range_min": "24008",
                            "protocol": "tcp",
                            "security_group_id": "2105604"
                        },
                        "meta": {},
                        "tainted": false
                    },
                    "deposed": [],
                    "provider": "provider.ibm"
                },
                "ibm_security_group_rule.openshift-node-ingress_rule12": {
                    "type": "ibm_security_group_rule",
                    "depends_on": [
                        "ibm_security_group.openshift-node"
                    ],
                    "primary": {
                        "id": "6473908",
                        "attributes": {
                            "direction": "ingress",
                            "ether_type": "IPv4",
                            "id": "6473908",
                            "port_range_max": "49251",
                            "port_range_min": "49152",
                            "protocol": "tcp",
                            "security_group_id": "2105604"
                        },
                        "meta": {},
                        "tainted": false
                    },
                    "deposed": [],
                    "provider": "provider.ibm"
                },
                "ibm_security_group_rule.openshift-node-ingress_rule2": {
                    "type": "ibm_security_group_rule",
                    "depends_on": [
                        "ibm_security_group.openshift-node"
                    ],
                    "primary": {
                        "id": "6474324",
                        "attributes": {
                            "direction": "ingress",
                            "ether_type": "IPv4",
                            "id": "6474324",
                            "port_range_max": "22",
                            "port_range_min": "22",
                            "protocol": "tcp",
                            "security_group_id": "2105604"
                        },
                        "meta": {},
                        "tainted": false
                    },
                    "deposed": [],
                    "provider": "provider.ibm"
                },
                "ibm_security_group_rule.openshift-node-ingress_rule3": {
                    "type": "ibm_security_group_rule",
                    "depends_on": [
                        "ibm_security_group.openshift-node"
                    ],
                    "primary": {
                        "id": "6474166",
                        "attributes": {
                            "direction": "ingress",
                            "ether_type": "IPv4",
                            "id": "6474166",
                            "port_range_max": "10250",
                            "port_range_min": "10250",
                            "protocol": "tcp",
                            "security_group_id": "2105604"
                        },
                        "meta": {},
                        "tainted": false
                    },
                    "deposed": [],
                    "provider": "provider.ibm"
                },
                "ibm_security_group_rule.openshift-node-ingress_rule4": {
                    "type": "ibm_security_group_rule",
                    "depends_on": [
                        "ibm_security_group.openshift-node"
                    ],
                    "primary": {
                        "id": "6474164",
                        "attributes": {
                            "direction": "ingress",
                            "ether_type": "IPv4",
                            "id": "6474164",
                            "port_range_max": "4789",
                            "port_range_min": "4789",
                            "protocol": "udp",
                            "security_group_id": "2105604"
                        },
                        "meta": {},
                        "tainted": false
                    },
                    "deposed": [],
                    "provider": "provider.ibm"
                },
                "ibm_security_group_rule.openshift-node-ingress_rule5": {
                    "type": "ibm_security_group_rule",
                    "depends_on": [
                        "ibm_security_group.openshift-node"
                    ],
                    "primary": {
                        "id": "6474042",
                        "attributes": {
                            "direction": "ingress",
                            "ether_type": "IPv4",
                            "id": "6474042",
                            "port_range_max": "80",
                            "port_range_min": "80",
                            "protocol": "tcp",
                            "security_group_id": "2105604"
                        },
                        "meta": {},
                        "tainted": false
                    },
                    "deposed": [],
                    "provider": "provider.ibm"
                },
                "ibm_security_group_rule.openshift-node-ingress_rule6": {
                    "type": "ibm_security_group_rule",
                    "depends_on": [
                        "ibm_security_group.openshift-node"
                    ],
                    "primary": {
                        "id": "6473904",
                        "attributes": {
                            "direction": "ingress",
                            "ether_type": "IPv4",
                            "id": "6473904",
                            "port_range_max": "32767",
                            "port_range_min": "30000",
                            "protocol": "tcp",
                            "security_group_id": "2105604"
                        },
                        "meta": {},
                        "tainted": false
                    },
                    "deposed": [],
                    "provider": "provider.ibm"
                },
                "ibm_security_group_rule.openshift-node-ingress_rule7": {
                    "type": "ibm_security_group_rule",
                    "depends_on": [
                        "ibm_security_group.openshift-node"
                    ],
                    "primary": {
                        "id": "6473910",
                        "attributes": {
                            "direction": "ingress",
                            "ether_type": "IPv4",
                            "id": "6473910",
                            "port_range_max": "8443",
                            "port_range_min": "8443",
                            "protocol": "tcp",
                            "security_group_id": "2105604"
                        },
                        "meta": {},
                        "tainted": false
                    },
                    "deposed": [],
                    "provider": "provider.ibm"
                },
                "ibm_security_group_rule.openshift-node-ingress_rule8": {
                    "type": "ibm_security_group_rule",
                    "depends_on": [
                        "ibm_security_group.openshift-node"
                    ],
                    "primary": {
                        "id": "6474162",
                        "attributes": {
                            "direction": "ingress",
                            "ether_type": "IPv4",
                            "id": "6474162",
                            "port_range_max": "10010",
                            "port_range_min": "10010",
                            "protocol": "tcp",
                            "security_group_id": "2105604"
                        },
                        "meta": {},
                        "tainted": false
                    },
                    "deposed": [],
                    "provider": "provider.ibm"
                },
                "ibm_security_group_rule.openshift-node-ingress_rule9": {
                    "type": "ibm_security_group_rule",
                    "depends_on": [
                        "ibm_security_group.openshift-node"
                    ],
                    "primary": {
                        "id": "6473906",
                        "attributes": {
                            "direction": "ingress",
                            "ether_type": "IPv4",
                            "id": "6473906",
                            "port_range_max": "2222",
                            "port_range_min": "2222",
                            "protocol": "tcp",
                            "security_group_id": "2105604"
                        },
                        "meta": {},
                        "tainted": false
                    },
                    "deposed": [],
                    "provider": "provider.ibm"
                }
            },
            "depends_on": []
        },
        {
            "path": [
                "root",
                "rhn_localrepo"
            ],
            "outputs": {},
            "resources": {
                "null_resource.setup_app.0": {
                    "type": "null_resource",
                    "depends_on": [],
                    "primary": {
                        "id": "9091651803560610477",
                        "attributes": {
                            "id": "9091651803560610477"
                        },
                        "meta": {},
                        "tainted": false
                    },
                    "deposed": [],
                    "provider": "provider.null"
                },
                "null_resource.setup_app.1": {
                    "type": "null_resource",
                    "depends_on": [],
                    "primary": {
                        "id": "22496743078297140",
                        "attributes": {
                            "id": "22496743078297140"
                        },
                        "meta": {},
                        "tainted": false
                    },
                    "deposed": [],
                    "provider": "provider.null"
                },
                "null_resource.setup_app.2": {
                    "type": "null_resource",
                    "depends_on": [],
                    "primary": {
                        "id": "8069044902997094726",
                        "attributes": {
                            "id": "8069044902997094726"
                        },
                        "meta": {},
                        "tainted": false
                    },
                    "deposed": [],
                    "provider": "provider.null"
                },
                "null_resource.setup_bastion": {
                    "type": "null_resource",
                    "depends_on": [],
                    "primary": {
                        "id": "5807138349473731799",
                        "attributes": {
                            "id": "5807138349473731799"
                        },
                        "meta": {},
                        "tainted": false
                    },
                    "deposed": [],
                    "provider": "provider.null"
                },
                "null_resource.setup_infra": {
                    "type": "null_resource",
                    "depends_on": [],
                    "primary": {
                        "id": "1953376767751767406",
                        "attributes": {
                            "id": "1953376767751767406"
                        },
                        "meta": {},
                        "tainted": false
                    },
                    "deposed": [],
                    "provider": "provider.null"
                },
                "null_resource.setup_master": {
                    "type": "null_resource",
                    "depends_on": [],
                    "primary": {
                        "id": "2117392453108151446",
                        "attributes": {
                            "id": "2117392453108151446"
                        },
                        "meta": {},
                        "tainted": false
                    },
                    "deposed": [],
                    "provider": "provider.null"
                },
                "null_resource.setup_storage.0": {
                    "type": "null_resource",
                    "depends_on": [],
                    "primary": {
                        "id": "4679156608671983640",
                        "attributes": {
                            "id": "4679156608671983640"
                        },
                        "meta": {},
                        "tainted": false
                    },
                    "deposed": [],
                    "provider": "provider.null"
                },
                "null_resource.setup_storage.1": {
                    "type": "null_resource",
                    "depends_on": [],
                    "primary": {
                        "id": "2042794777998471729",
                        "attributes": {
                            "id": "2042794777998471729"
                        },
                        "meta": {},
                        "tainted": false
                    },
                    "deposed": [],
                    "provider": "provider.null"
                },
                "null_resource.setup_storage.2": {
                    "type": "null_resource",
                    "depends_on": [],
                    "primary": {
                        "id": "7391737001410709733",
                        "attributes": {
                            "id": "7391737001410709733"
                        },
                        "meta": {},
                        "tainted": false
                    },
                    "deposed": [],
                    "provider": "provider.null"
                }
            },
            "depends_on": []
        },
        {
            "path": [
                "root",
                "storagenode"
            ],
            "outputs": {
                "storage_host": {
                    "sensitive": false,
                    "type": "list",
                    "value": [
                        "IBM-OCP-90daa3a2a4-storage-0",
                        "IBM-OCP-90daa3a2a4-storage-1",
                        "IBM-OCP-90daa3a2a4-storage-2"
                    ]
                },
                "storage_ip_address_id": {
                    "sensitive": false,
                    "type": "list",
                    "value": [
                        "142246154",
                        "142246174",
                        "142246194"
                    ]
                },
                "storage_private_ip": {
                    "sensitive": false,
                    "type": "list",
                    "value": [
                        "10.72.78.197",
                        "10.72.78.207",
                        "10.72.78.217"
                    ]
                },
                "storage_public_ip": {
                    "sensitive": false,
                    "type": "list",
                    "value": [
                        "158.176.112.198",
                        "158.176.112.195",
                        "158.176.112.200"
                    ]
                }
            },
            "resources": {
                "ibm_compute_vm_instance.storagenode.0": {
                    "type": "ibm_compute_vm_instance",
                    "depends_on": [],
                    "primary": {
                        "id": "91756060",
                        "attributes": {
                            "block_storage_ids.#": "3",
                            "block_storage_ids.102407170": "102407170",
                            "block_storage_ids.102459690": "102459690",
                            "block_storage_ids.102461620": "102461620",
                            "cores": "4",
                            "datacenter": "lon06",
                            "dedicated_acct_host_only": "false",
                            "disks.#": "0",
                            "domain": "IBM-OpenShift.cloud",
                            "file_storage_ids.#": "0",
                            "flavor_key_name": "B1_4X16X100",
                            "hostname": "IBM-OCP-90daa3a2a4-storage-0",
                            "hourly_billing": "true",
                            "id": "91756060",
                            "ip_address_id": "142246124",
                            "ip_address_id_private": "142246154",
                            "ipv4_address": "158.176.112.198",
                            "ipv4_address_private": "10.72.78.197",
                            "ipv6_enabled": "false",
                            "ipv6_static_enabled": "false",
                            "local_disk": "false",
                            "memory": "16384",
                            "network_speed": "1000",
                            "notes": "",
                            "os_reference_code": "REDHAT_7_64",
                            "private_interface_id": "58987452",
                            "private_network_only": "false",
                            "private_security_group_ids.#": "1",
                            "private_security_group_ids.2105522": "2105522",
                            "private_subnet": "10.72.78.192/26",
                            "private_subnet_id": "1647489",
                            "private_vlan_id": "2734910",
                            "public_bandwidth_unlimited": "false",
                            "public_interface_id": "58987450",
                            "public_security_group_ids.#": "1",
                            "public_security_group_ids.2105604": "2105604",
                            "public_subnet": "158.176.112.192/28",
                            "public_subnet_id": "2029163",
                            "public_vlan_id": "2734912",
                            "secondary_ip_addresses.#": "0",
                            "ssh_key_ids.#": "2",
                            "ssh_key_ids.1602894": "1602894",
                            "ssh_key_ids.1602966": "1602966",
                            "transient": "false",
                            "wait_time_minutes": "90"
                        },
                        "meta": {},
                        "tainted": false
                    },
                    "deposed": [],
                    "provider": "provider.ibm"
                },
                "ibm_compute_vm_instance.storagenode.1": {
                    "type": "ibm_compute_vm_instance",
                    "depends_on": [],
                    "primary": {
                        "id": "91756176",
                        "attributes": {
                            "block_storage_ids.#": "3",
                            "block_storage_ids.102405280": "102405280",
                            "block_storage_ids.102405538": "102405538",
                            "block_storage_ids.102406610": "102406610",
                            "cores": "4",
                            "datacenter": "lon06",
                            "dedicated_acct_host_only": "false",
                            "disks.#": "0",
                            "domain": "IBM-OpenShift.cloud",
                            "file_storage_ids.#": "0",
                            "flavor_key_name": "B1_4X16X100",
                            "hostname": "IBM-OCP-90daa3a2a4-storage-1",
                            "hourly_billing": "true",
                            "id": "91756176",
                            "ip_address_id": "142246118",
                            "ip_address_id_private": "142246174",
                            "ipv4_address": "158.176.112.195",
                            "ipv4_address_private": "10.72.78.207",
                            "ipv6_enabled": "false",
                            "ipv6_static_enabled": "false",
                            "local_disk": "false",
                            "memory": "16384",
                            "network_speed": "1000",
                            "notes": "",
                            "os_reference_code": "REDHAT_7_64",
                            "private_interface_id": "58987568",
                            "private_network_only": "false",
                            "private_security_group_ids.#": "1",
                            "private_security_group_ids.2105522": "2105522",
                            "private_subnet": "10.72.78.192/26",
                            "private_subnet_id": "1647489",
                            "private_vlan_id": "2734910",
                            "public_bandwidth_unlimited": "false",
                            "public_interface_id": "58987566",
                            "public_security_group_ids.#": "1",
                            "public_security_group_ids.2105604": "2105604",
                            "public_subnet": "158.176.112.192/28",
                            "public_subnet_id": "2029163",
                            "public_vlan_id": "2734912",
                            "secondary_ip_addresses.#": "0",
                            "ssh_key_ids.#": "2",
                            "ssh_key_ids.1602894": "1602894",
                            "ssh_key_ids.1602966": "1602966",
                            "transient": "false",
                            "wait_time_minutes": "90"
                        },
                        "meta": {},
                        "tainted": false
                    },
                    "deposed": [],
                    "provider": "provider.ibm"
                },
                "ibm_compute_vm_instance.storagenode.2": {
                    "type": "ibm_compute_vm_instance",
                    "depends_on": [],
                    "primary": {
                        "id": "91756354",
                        "attributes": {
                            "block_storage_ids.#": "3",
                            "block_storage_ids.102404394": "102404394",
                            "block_storage_ids.102458066": "102458066",
                            "block_storage_ids.102459422": "102459422",
                            "cores": "4",
                            "datacenter": "lon06",
                            "dedicated_acct_host_only": "false",
                            "disks.#": "0",
                            "domain": "IBM-OpenShift.cloud",
                            "file_storage_ids.#": "0",
                            "flavor_key_name": "B1_4X16X100",
                            "hostname": "IBM-OCP-90daa3a2a4-storage-2",
                            "hourly_billing": "true",
                            "id": "91756354",
                            "ip_address_id": "142246128",
                            "ip_address_id_private": "142246194",
                            "ipv4_address": "158.176.112.200",
                            "ipv4_address_private": "10.72.78.217",
                            "ipv6_enabled": "false",
                            "ipv6_static_enabled": "false",
                            "local_disk": "false",
                            "memory": "16384",
                            "network_speed": "1000",
                            "notes": "",
                            "os_reference_code": "REDHAT_7_64",
                            "private_interface_id": "58987724",
                            "private_network_only": "false",
                            "private_security_group_ids.#": "1",
                            "private_security_group_ids.2105522": "2105522",
                            "private_subnet": "10.72.78.192/26",
                            "private_subnet_id": "1647489",
                            "private_vlan_id": "2734910",
                            "public_bandwidth_unlimited": "false",
                            "public_interface_id": "58987722",
                            "public_security_group_ids.#": "1",
                            "public_security_group_ids.2105604": "2105604",
                            "public_subnet": "158.176.112.192/28",
                            "public_subnet_id": "2029163",
                            "public_vlan_id": "2734912",
                            "secondary_ip_addresses.#": "0",
                            "ssh_key_ids.#": "2",
                            "ssh_key_ids.1602894": "1602894",
                            "ssh_key_ids.1602966": "1602966",
                            "transient": "false",
                            "wait_time_minutes": "90"
                        },
                        "meta": {},
                        "tainted": false
                    },
                    "deposed": [],
                    "provider": "provider.ibm"
                },
                "ibm_storage_block.storagenode_block.0": {
                    "type": "ibm_storage_block",
                    "depends_on": [
                        "ibm_compute_vm_instance.storagenode.*"
                    ],
                    "primary": {
                        "id": "102407170",
                        "attributes": {
                            "allowed_hardware_ids.#": "0",
                            "allowed_hardware_info.#": "0",
                            "allowed_host_info.#": "1",
                            "allowed_host_info.0.host_iqn": "iqn.2019-10.com.ibm:ibm02su1924691-v91756060",
                            "allowed_host_info.0.id": "91756060",
                            "allowed_host_info.0.password": "K9qkRcWu2L7X2xy3",
                            "allowed_host_info.0.username": "IBM02SU1924691-V91756060",
                            "allowed_ip_addresses.#": "0",
                            "allowed_virtual_guest_ids.#": "1",
                            "allowed_virtual_guest_ids.91756060": "91756060",
                            "allowed_virtual_guest_info.#": "1",
                            "allowed_virtual_guest_info.91756060.host_iqn": "iqn.2019-10.com.ibm:ibm02su1924691-v91756060",
                            "allowed_virtual_guest_info.91756060.id": "91756060",
                            "allowed_virtual_guest_info.91756060.password": "K9qkRcWu2L7X2xy3",
                            "allowed_virtual_guest_info.91756060.username": "IBM02SU1924691-V91756060",
                            "capacity": "500",
                            "datacenter": "lon06",
                            "hostname": "161.26.142.72",
                            "hourly_billing": "true",
                            "id": "102407170",
                            "iops": "1000",
                            "os_format_type": "Linux",
                            "target_address.#": "2",
                            "target_address.0": "161.26.142.68",
                            "target_address.1": "161.26.142.72",
                            "type": "Performance",
                            "volumename": "IBM02SL1924691-23"
                        },
                        "meta": {},
                        "tainted": false
                    },
                    "deposed": [],
                    "provider": "provider.ibm"
                },
                "ibm_storage_block.storagenode_block.1": {
                    "type": "ibm_storage_block",
                    "depends_on": [
                        "ibm_compute_vm_instance.storagenode.*"
                    ],
                    "primary": {
                        "id": "102461620",
                        "attributes": {
                            "allowed_hardware_ids.#": "0",
                            "allowed_hardware_info.#": "0",
                            "allowed_host_info.#": "1",
                            "allowed_host_info.0.host_iqn": "iqn.2019-10.com.ibm:ibm02su1924691-v91756060",
                            "allowed_host_info.0.id": "91756060",
                            "allowed_host_info.0.password": "K9qkRcWu2L7X2xy3",
                            "allowed_host_info.0.username": "IBM02SU1924691-V91756060",
                            "allowed_ip_addresses.#": "0",
                            "allowed_virtual_guest_ids.#": "1",
                            "allowed_virtual_guest_ids.91756060": "91756060",
                            "allowed_virtual_guest_info.#": "1",
                            "allowed_virtual_guest_info.91756060.host_iqn": "iqn.2019-10.com.ibm:ibm02su1924691-v91756060",
                            "allowed_virtual_guest_info.91756060.id": "91756060",
                            "allowed_virtual_guest_info.91756060.password": "K9qkRcWu2L7X2xy3",
                            "allowed_virtual_guest_info.91756060.username": "IBM02SU1924691-V91756060",
                            "capacity": "500",
                            "datacenter": "lon06",
                            "hostname": "161.26.142.73",
                            "hourly_billing": "true",
                            "id": "102461620",
                            "iops": "1000",
                            "os_format_type": "Linux",
                            "target_address.#": "2",
                            "target_address.0": "161.26.142.70",
                            "target_address.1": "161.26.142.73",
                            "type": "Performance",
                            "volumename": "IBM02SL1924691-27"
                        },
                        "meta": {},
                        "tainted": false
                    },
                    "deposed": [],
                    "provider": "provider.ibm"
                },
                "ibm_storage_block.storagenode_block.2": {
                    "type": "ibm_storage_block",
                    "depends_on": [
                        "ibm_compute_vm_instance.storagenode.*"
                    ],
                    "primary": {
                        "id": "102459690",
                        "attributes": {
                            "allowed_hardware_ids.#": "0",
                            "allowed_hardware_info.#": "0",
                            "allowed_host_info.#": "1",
                            "allowed_host_info.0.host_iqn": "iqn.2019-10.com.ibm:ibm02su1924691-v91756060",
                            "allowed_host_info.0.id": "91756060",
                            "allowed_host_info.0.password": "K9qkRcWu2L7X2xy3",
                            "allowed_host_info.0.username": "IBM02SU1924691-V91756060",
                            "allowed_ip_addresses.#": "0",
                            "allowed_virtual_guest_ids.#": "1",
                            "allowed_virtual_guest_ids.91756060": "91756060",
                            "allowed_virtual_guest_info.#": "1",
                            "allowed_virtual_guest_info.91756060.host_iqn": "iqn.2019-10.com.ibm:ibm02su1924691-v91756060",
                            "allowed_virtual_guest_info.91756060.id": "91756060",
                            "allowed_virtual_guest_info.91756060.password": "K9qkRcWu2L7X2xy3",
                            "allowed_virtual_guest_info.91756060.username": "IBM02SU1924691-V91756060",
                            "capacity": "500",
                            "datacenter": "lon06",
                            "hostname": "161.26.142.68",
                            "hourly_billing": "true",
                            "id": "102459690",
                            "iops": "1000",
                            "os_format_type": "Linux",
                            "target_address.#": "2",
                            "target_address.0": "161.26.142.68",
                            "target_address.1": "161.26.142.72",
                            "type": "Performance",
                            "volumename": "IBM02SL1924691-26"
                        },
                        "meta": {},
                        "tainted": false
                    },
                    "deposed": [],
                    "provider": "provider.ibm"
                },
                "ibm_storage_block.storagenode_block.3": {
                    "type": "ibm_storage_block",
                    "depends_on": [
                        "ibm_compute_vm_instance.storagenode.*"
                    ],
                    "primary": {
                        "id": "102406610",
                        "attributes": {
                            "allowed_hardware_ids.#": "0",
                            "allowed_hardware_info.#": "0",
                            "allowed_host_info.#": "1",
                            "allowed_host_info.0.host_iqn": "iqn.2019-10.com.ibm:ibm02su1924691-v91756176",
                            "allowed_host_info.0.id": "91756176",
                            "allowed_host_info.0.password": "VhXx7mKLPP3eWMcm",
                            "allowed_host_info.0.username": "IBM02SU1924691-V91756176",
                            "allowed_ip_addresses.#": "0",
                            "allowed_virtual_guest_ids.#": "1",
                            "allowed_virtual_guest_ids.91756176": "91756176",
                            "allowed_virtual_guest_info.#": "1",
                            "allowed_virtual_guest_info.91756176.host_iqn": "iqn.2019-10.com.ibm:ibm02su1924691-v91756176",
                            "allowed_virtual_guest_info.91756176.id": "91756176",
                            "allowed_virtual_guest_info.91756176.password": "VhXx7mKLPP3eWMcm",
                            "allowed_virtual_guest_info.91756176.username": "IBM02SU1924691-V91756176",
                            "capacity": "500",
                            "datacenter": "lon06",
                            "hostname": "161.26.142.79",
                            "hourly_billing": "true",
                            "id": "102406610",
                            "iops": "1000",
                            "os_format_type": "Linux",
                            "target_address.#": "2",
                            "target_address.0": "161.26.142.79",
                            "target_address.1": "161.26.142.76",
                            "type": "Performance",
                            "volumename": "IBM02SL1924691-22"
                        },
                        "meta": {},
                        "tainted": false
                    },
                    "deposed": [],
                    "provider": "provider.ibm"
                },
                "ibm_storage_block.storagenode_block.4": {
                    "type": "ibm_storage_block",
                    "depends_on": [
                        "ibm_compute_vm_instance.storagenode.*"
                    ],
                    "primary": {
                        "id": "102405280",
                        "attributes": {
                            "allowed_hardware_ids.#": "0",
                            "allowed_hardware_info.#": "0",
                            "allowed_host_info.#": "1",
                            "allowed_host_info.0.host_iqn": "iqn.2019-10.com.ibm:ibm02su1924691-v91756176",
                            "allowed_host_info.0.id": "91756176",
                            "allowed_host_info.0.password": "VhXx7mKLPP3eWMcm",
                            "allowed_host_info.0.username": "IBM02SU1924691-V91756176",
                            "allowed_ip_addresses.#": "0",
                            "allowed_virtual_guest_ids.#": "1",
                            "allowed_virtual_guest_ids.91756176": "91756176",
                            "allowed_virtual_guest_info.#": "1",
                            "allowed_virtual_guest_info.91756176.host_iqn": "iqn.2019-10.com.ibm:ibm02su1924691-v91756176",
                            "allowed_virtual_guest_info.91756176.id": "91756176",
                            "allowed_virtual_guest_info.91756176.password": "VhXx7mKLPP3eWMcm",
                            "allowed_virtual_guest_info.91756176.username": "IBM02SU1924691-V91756176",
                            "capacity": "500",
                            "datacenter": "lon06",
                            "hostname": "161.26.142.72",
                            "hourly_billing": "true",
                            "id": "102405280",
                            "iops": "1000",
                            "os_format_type": "Linux",
                            "target_address.#": "2",
                            "target_address.0": "161.26.142.68",
                            "target_address.1": "161.26.142.72",
                            "type": "Performance",
                            "volumename": "IBM02SL1924691-20"
                        },
                        "meta": {},
                        "tainted": false
                    },
                    "deposed": [],
                    "provider": "provider.ibm"
                },
                "ibm_storage_block.storagenode_block.5": {
                    "type": "ibm_storage_block",
                    "depends_on": [
                        "ibm_compute_vm_instance.storagenode.*"
                    ],
                    "primary": {
                        "id": "102405538",
                        "attributes": {
                            "allowed_hardware_ids.#": "0",
                            "allowed_hardware_info.#": "0",
                            "allowed_host_info.#": "1",
                            "allowed_host_info.0.host_iqn": "iqn.2019-10.com.ibm:ibm02su1924691-v91756176",
                            "allowed_host_info.0.id": "91756176",
                            "allowed_host_info.0.password": "VhXx7mKLPP3eWMcm",
                            "allowed_host_info.0.username": "IBM02SU1924691-V91756176",
                            "allowed_ip_addresses.#": "0",
                            "allowed_virtual_guest_ids.#": "1",
                            "allowed_virtual_guest_ids.91756176": "91756176",
                            "allowed_virtual_guest_info.#": "1",
                            "allowed_virtual_guest_info.91756176.host_iqn": "iqn.2019-10.com.ibm:ibm02su1924691-v91756176",
                            "allowed_virtual_guest_info.91756176.id": "91756176",
                            "allowed_virtual_guest_info.91756176.password": "VhXx7mKLPP3eWMcm",
                            "allowed_virtual_guest_info.91756176.username": "IBM02SU1924691-V91756176",
                            "capacity": "500",
                            "datacenter": "lon06",
                            "hostname": "161.26.142.76",
                            "hourly_billing": "true",
                            "id": "102405538",
                            "iops": "1000",
                            "os_format_type": "Linux",
                            "target_address.#": "2",
                            "target_address.0": "161.26.142.79",
                            "target_address.1": "161.26.142.76",
                            "type": "Performance",
                            "volumename": "IBM02SL1924691-21"
                        },
                        "meta": {},
                        "tainted": false
                    },
                    "deposed": [],
                    "provider": "provider.ibm"
                },
                "ibm_storage_block.storagenode_block.6": {
                    "type": "ibm_storage_block",
                    "depends_on": [
                        "ibm_compute_vm_instance.storagenode.*"
                    ],
                    "primary": {
                        "id": "102458066",
                        "attributes": {
                            "allowed_hardware_ids.#": "0",
                            "allowed_hardware_info.#": "0",
                            "allowed_host_info.#": "1",
                            "allowed_host_info.0.host_iqn": "iqn.2019-10.com.ibm:ibm02su1924691-v91756354",
                            "allowed_host_info.0.id": "91756354",
                            "allowed_host_info.0.password": "W7YuUtesDhC5tfln",
                            "allowed_host_info.0.username": "IBM02SU1924691-V91756354",
                            "allowed_ip_addresses.#": "0",
                            "allowed_virtual_guest_ids.#": "1",
                            "allowed_virtual_guest_ids.91756354": "91756354",
                            "allowed_virtual_guest_info.#": "1",
                            "allowed_virtual_guest_info.91756354.host_iqn": "iqn.2019-10.com.ibm:ibm02su1924691-v91756354",
                            "allowed_virtual_guest_info.91756354.id": "91756354",
                            "allowed_virtual_guest_info.91756354.password": "W7YuUtesDhC5tfln",
                            "allowed_virtual_guest_info.91756354.username": "IBM02SU1924691-V91756354",
                            "capacity": "500",
                            "datacenter": "lon06",
                            "hostname": "161.26.142.75",
                            "hourly_billing": "true",
                            "id": "102458066",
                            "iops": "1000",
                            "os_format_type": "Linux",
                            "target_address.#": "2",
                            "target_address.0": "161.26.142.75",
                            "target_address.1": "161.26.142.77",
                            "type": "Performance",
                            "volumename": "IBM02SL1924691-24"
                        },
                        "meta": {},
                        "tainted": false
                    },
                    "deposed": [],
                    "provider": "provider.ibm"
                },
                "ibm_storage_block.storagenode_block.7": {
                    "type": "ibm_storage_block",
                    "depends_on": [
                        "ibm_compute_vm_instance.storagenode.*"
                    ],
                    "primary": {
                        "id": "102404394",
                        "attributes": {
                            "allowed_hardware_ids.#": "0",
                            "allowed_hardware_info.#": "0",
                            "allowed_host_info.#": "1",
                            "allowed_host_info.0.host_iqn": "iqn.2019-10.com.ibm:ibm02su1924691-v91756354",
                            "allowed_host_info.0.id": "91756354",
                            "allowed_host_info.0.password": "W7YuUtesDhC5tfln",
                            "allowed_host_info.0.username": "IBM02SU1924691-V91756354",
                            "allowed_ip_addresses.#": "0",
                            "allowed_virtual_guest_ids.#": "1",
                            "allowed_virtual_guest_ids.91756354": "91756354",
                            "allowed_virtual_guest_info.#": "1",
                            "allowed_virtual_guest_info.91756354.host_iqn": "iqn.2019-10.com.ibm:ibm02su1924691-v91756354",
                            "allowed_virtual_guest_info.91756354.id": "91756354",
                            "allowed_virtual_guest_info.91756354.password": "W7YuUtesDhC5tfln",
                            "allowed_virtual_guest_info.91756354.username": "IBM02SU1924691-V91756354",
                            "capacity": "500",
                            "datacenter": "lon06",
                            "hostname": "161.26.142.30",
                            "hourly_billing": "true",
                            "id": "102404394",
                            "iops": "1000",
                            "os_format_type": "Linux",
                            "target_address.#": "2",
                            "target_address.0": "161.26.142.30",
                            "target_address.1": "161.26.142.29",
                            "type": "Performance",
                            "volumename": "IBM02SL1924691-19"
                        },
                        "meta": {},
                        "tainted": false
                    },
                    "deposed": [],
                    "provider": "provider.ibm"
                },
                "ibm_storage_block.storagenode_block.8": {
                    "type": "ibm_storage_block",
                    "depends_on": [
                        "ibm_compute_vm_instance.storagenode.*"
                    ],
                    "primary": {
                        "id": "102459422",
                        "attributes": {
                            "allowed_hardware_ids.#": "0",
                            "allowed_hardware_info.#": "0",
                            "allowed_host_info.#": "1",
                            "allowed_host_info.0.host_iqn": "iqn.2019-10.com.ibm:ibm02su1924691-v91756354",
                            "allowed_host_info.0.id": "91756354",
                            "allowed_host_info.0.password": "W7YuUtesDhC5tfln",
                            "allowed_host_info.0.username": "IBM02SU1924691-V91756354",
                            "allowed_ip_addresses.#": "0",
                            "allowed_virtual_guest_ids.#": "1",
                            "allowed_virtual_guest_ids.91756354": "91756354",
                            "allowed_virtual_guest_info.#": "1",
                            "allowed_virtual_guest_info.91756354.host_iqn": "iqn.2019-10.com.ibm:ibm02su1924691-v91756354",
                            "allowed_virtual_guest_info.91756354.id": "91756354",
                            "allowed_virtual_guest_info.91756354.password": "W7YuUtesDhC5tfln",
                            "allowed_virtual_guest_info.91756354.username": "IBM02SU1924691-V91756354",
                            "capacity": "500",
                            "datacenter": "lon06",
                            "hostname": "161.26.142.30",
                            "hourly_billing": "true",
                            "id": "102459422",
                            "iops": "1000",
                            "os_format_type": "Linux",
                            "target_address.#": "2",
                            "target_address.0": "161.26.142.30",
                            "target_address.1": "161.26.142.29",
                            "type": "Performance",
                            "volumename": "IBM02SL1924691-25"
                        },
                        "meta": {},
                        "tainted": false
                    },
                    "deposed": [],
                    "provider": "provider.ibm"
                },
                "null_resource.iscsi_storage.0": {
                    "type": "null_resource",
                    "depends_on": [
                        "ibm_compute_vm_instance.storagenode.*",
                        "ibm_storage_block.storagenode_block.*",
                        "local.block_allowed_hosts"
                    ],
                    "primary": {
                        "id": "1055107350962649807",
                        "attributes": {
                            "id": "1055107350962649807"
                        },
                        "meta": {},
                        "tainted": false
                    },
                    "deposed": [],
                    "provider": "provider.null"
                },
                "null_resource.iscsi_storage.1": {
                    "type": "null_resource",
                    "depends_on": [
                        "ibm_compute_vm_instance.storagenode.*",
                        "ibm_storage_block.storagenode_block.*",
                        "local.block_allowed_hosts"
                    ],
                    "primary": {
                        "id": "3339732641039769289",
                        "attributes": {
                            "id": "3339732641039769289"
                        },
                        "meta": {},
                        "tainted": false
                    },
                    "deposed": [],
                    "provider": "provider.null"
                },
                "null_resource.iscsi_storage.2": {
                    "type": "null_resource",
                    "depends_on": [
                        "ibm_compute_vm_instance.storagenode.*",
                        "ibm_storage_block.storagenode_block.*",
                        "local.block_allowed_hosts"
                    ],
                    "primary": {
                        "id": "1815654562902223329",
                        "attributes": {
                            "id": "1815654562902223329"
                        },
                        "meta": {},
                        "tainted": false
                    },
                    "deposed": [],
                    "provider": "provider.null"
                }
            },
            "depends_on": []
        },
        {
            "path": [
                "root",
                "vlan"
            ],
            "outputs": {
                "openshift_private_vlan_id": {
                    "sensitive": false,
                    "type": "list",
                    "value": [
                        "2734910"
                    ]
                },
                "openshift_public_vlan_id": {
                    "sensitive": false,
                    "type": "list",
                    "value": [
                        "2734912"
                    ]
                }
            },
            "resources": {
                "ibm_network_vlan.openshift_vlan_private": {
                    "type": "ibm_network_vlan",
                    "depends_on": [],
                    "primary": {
                        "id": "2734910",
                        "attributes": {
                            "child_resource_count": "9",
                            "datacenter": "lon06",
                            "id": "2734910",
                            "name": "openshift-prv-vlan",
                            "router_hostname": "bcr01a.lon06",
                            "softlayer_managed": "false",
                            "subnets.#": "1",
                            "subnets.0.cidr": "26",
                            "subnets.0.gateway": "",
                            "subnets.0.subnet": "10.72.78.192/26",
                            "subnets.0.subnet_size": "64",
                            "subnets.0.subnet_type": "ADDITIONAL_PRIMARY",
                            "type": "PRIVATE",
                            "vlan_number": "2591"
                        },
                        "meta": {
                            "e2bfb730-ecaa-11e6-8f88-34363bc7c4c0": {
                                "delete": 600000000000
                            }
                        },
                        "tainted": false
                    },
                    "deposed": [],
                    "provider": "provider.ibm"
                },
                "ibm_network_vlan.openshift_vlan_public": {
                    "type": "ibm_network_vlan",
                    "depends_on": [],
                    "primary": {
                        "id": "2734912",
                        "attributes": {
                            "child_resource_count": "9",
                            "datacenter": "lon06",
                            "id": "2734912",
                            "name": "openshift-pub-vlan",
                            "router_hostname": "fcr01a.lon06",
                            "softlayer_managed": "false",
                            "subnets.#": "1",
                            "subnets.0.cidr": "28",
                            "subnets.0.gateway": "",
                            "subnets.0.subnet": "158.176.112.192/28",
                            "subnets.0.subnet_size": "16",
                            "subnets.0.subnet_type": "ADDITIONAL_PRIMARY",
                            "type": "PUBLIC",
                            "vlan_number": "1467"
                        },
                        "meta": {
                            "e2bfb730-ecaa-11e6-8f88-34363bc7c4c0": {
                                "delete": 600000000000
                            }
                        },
                        "tainted": false
                    },
                    "deposed": [],
                    "provider": "provider.ibm"
                }
            },
            "depends_on": []
        }
    ]
}
